PODS:
  - Alamofire (4.3.0)
  - JVFloatLabeledTextField (1.1.1)
  - SDWebImage (4.0.0):
    - SDWebImage/Core (= 4.0.0)
  - SDWebImage/Core (4.0.0)

DEPENDENCIES:
  - Alamofire (~> 4.0)
  - JVFloatLabeledTextField
  - SDWebImage

SPEC CHECKSUMS:
  Alamofire: 856a113053a7bc9cbe5d6367a555d773fc5cfef7
  JVFloatLabeledTextField: 0e5524b097f102036214dd8279edc8ecf08b5e18
  SDWebImage: 76a6348bdc74eb5a55dd08a091ef298e56b55e41

PODFILE CHECKSUM: b45410354a65c613643411d01ef7efb0ad0ea397

COCOAPODS: 1.1.1
