// !$*UTF8*$!
{
	archiveVersion = 1;
	classes = {
	};
	objectVersion = 46;
	objects = {

/* Begin PBXBuildFile section */
		5B313E081E49BA07004CE58A /* Login.storyboard in Resources */ = {isa = PBXBuildFile; fileRef = 5B313E071E49BA07004CE58A /* Login.storyboard */; };
		5B3626A61E66A97400FC19E9 /* MCALiensPaymentsTVCell.swift in Sources */ = {isa = PBXBuildFile; fileRef = 5B3626A41E66A97400FC19E9 /* MCALiensPaymentsTVCell.swift */; };
		5B3626A71E66A97400FC19E9 /* MCALiensPaymentsTVCell.xib in Resources */ = {isa = PBXBuildFile; fileRef = 5B3626A51E66A97400FC19E9 /* MCALiensPaymentsTVCell.xib */; };
		5B3626AC1E66CED700FC19E9 /* MCABankruptcyTVCell.swift in Sources */ = {isa = PBXBuildFile; fileRef = 5B3626AA1E66CED700FC19E9 /* MCABankruptcyTVCell.swift */; };
		5B3626AD1E66CED700FC19E9 /* MCABankruptcyTVCell.xib in Resources */ = {isa = PBXBuildFile; fileRef = 5B3626AB1E66CED700FC19E9 /* MCABankruptcyTVCell.xib */; };
		5B3626B11E680AB300FC19E9 /* MCASALoansViewController.swift in Sources */ = {isa = PBXBuildFile; fileRef = 5B3626B01E680AB300FC19E9 /* MCASALoansViewController.swift */; };
		5B3626B41E681CE000FC19E9 /* MCASALoansTVCell.swift in Sources */ = {isa = PBXBuildFile; fileRef = 5B3626B21E681CE000FC19E9 /* MCASALoansTVCell.swift */; };
		5B3626B51E681CE000FC19E9 /* MCASALoansTVCell.xib in Resources */ = {isa = PBXBuildFile; fileRef = 5B3626B31E681CE000FC19E9 /* MCASALoansTVCell.xib */; };
		5B4741B81E533397001D9435 /* MCALeftMenuVC.swift in Sources */ = {isa = PBXBuildFile; fileRef = 5B4741B61E533397001D9435 /* MCALeftMenuVC.swift */; };
		5B4741B91E533397001D9435 /* MCARightMenuVC.swift in Sources */ = {isa = PBXBuildFile; fileRef = 5B4741B71E533397001D9435 /* MCARightMenuVC.swift */; };
		5B4741C11E53411A001D9435 /* MCALeftMenuVC.xib in Resources */ = {isa = PBXBuildFile; fileRef = 5B4741C01E53411A001D9435 /* MCALeftMenuVC.xib */; };
		5B4741C31E534412001D9435 /* MCARightMenuVC.xib in Resources */ = {isa = PBXBuildFile; fileRef = 5B4741C21E534412001D9435 /* MCARightMenuVC.xib */; };
		5B4741C61E5488B5001D9435 /* MCATableViewCell.swift in Sources */ = {isa = PBXBuildFile; fileRef = 5B4741C41E5488B5001D9435 /* MCATableViewCell.swift */; };
		5B4741C71E5488B5001D9435 /* MCATableViewCell.xib in Resources */ = {isa = PBXBuildFile; fileRef = 5B4741C51E5488B5001D9435 /* MCATableViewCell.xib */; };
		5B4741C91E56D58B001D9435 /* ProfileDetail.storyboard in Resources */ = {isa = PBXBuildFile; fileRef = 5B4741C81E56D58B001D9435 /* ProfileDetail.storyboard */; };
		5B4741CC1E570D2A001D9435 /* MCAProfileViewController.swift in Sources */ = {isa = PBXBuildFile; fileRef = 5B4741CB1E570D2A001D9435 /* MCAProfileViewController.swift */; };
		5B643D0B1E5B05D800AE89B1 /* MCAFundingProgramListViewController.swift in Sources */ = {isa = PBXBuildFile; fileRef = 5B643D0A1E5B05D800AE89B1 /* MCAFundingProgramListViewController.swift */; };
		5B643D0D1E5B065500AE89B1 /* FundingProgram.storyboard in Resources */ = {isa = PBXBuildFile; fileRef = 5B643D0C1E5B065500AE89B1 /* FundingProgram.storyboard */; };
		5B643D0F1E5B1E2C00AE89B1 /* MCAFundingProgramSummaryVC.swift in Sources */ = {isa = PBXBuildFile; fileRef = 5B643D0E1E5B1E2C00AE89B1 /* MCAFundingProgramSummaryVC.swift */; };
		5B643D111E5B25AF00AE89B1 /* MCAFPApplicationFormVC.swift in Sources */ = {isa = PBXBuildFile; fileRef = 5B643D101E5B25AF00AE89B1 /* MCAFPApplicationFormVC.swift */; };
		5B643D131E5B2B4200AE89B1 /* MCAFPApplicationDetailVC.swift in Sources */ = {isa = PBXBuildFile; fileRef = 5B643D121E5B2B4200AE89B1 /* MCAFPApplicationDetailVC.swift */; };
		5B643D161E5F282300AE89B1 /* MCAApplicationFormTVCell.swift in Sources */ = {isa = PBXBuildFile; fileRef = 5B643D141E5F282300AE89B1 /* MCAApplicationFormTVCell.swift */; };
		5B643D171E5F282300AE89B1 /* MCAApplicationFormTVCell.xib in Resources */ = {isa = PBXBuildFile; fileRef = 5B643D151E5F282300AE89B1 /* MCAApplicationFormTVCell.xib */; };
		5B643D191E64027B00AE89B1 /* MCAFPBusinessTypeVC.swift in Sources */ = {isa = PBXBuildFile; fileRef = 5B643D181E64027B00AE89B1 /* MCAFPBusinessTypeVC.swift */; };
		5B8FC48C1E49CDCF00309CAB /* ForgotPassword.storyboard in Resources */ = {isa = PBXBuildFile; fileRef = 5B8FC48B1E49CDCF00309CAB /* ForgotPassword.storyboard */; };
		5B8FC48E1E49F20A00309CAB /* Registration.storyboard in Resources */ = {isa = PBXBuildFile; fileRef = 5B8FC48D1E49F20A00309CAB /* Registration.storyboard */; };
		5B8FC4911E4B011500309CAB /* MCAWebViewController.swift in Sources */ = {isa = PBXBuildFile; fileRef = 5B8FC4901E4B011500309CAB /* MCAWebViewController.swift */; };
		5B8FC4931E4B017500309CAB /* WebView.storyboard in Resources */ = {isa = PBXBuildFile; fileRef = 5B8FC4921E4B017500309CAB /* WebView.storyboard */; };
		5B8FC4A31E4C7E9600309CAB /* Apache License.txt in Resources */ = {isa = PBXBuildFile; fileRef = 5B8FC4961E4C7E9600309CAB /* Apache License.txt */; };
		5B8FC4A41E4C7E9600309CAB /* Roboto-Black.ttf in Resources */ = {isa = PBXBuildFile; fileRef = 5B8FC4971E4C7E9600309CAB /* Roboto-Black.ttf */; };
		5B8FC4A51E4C7E9600309CAB /* Roboto-BlackItalic.ttf in Resources */ = {isa = PBXBuildFile; fileRef = 5B8FC4981E4C7E9600309CAB /* Roboto-BlackItalic.ttf */; };
		5B8FC4A61E4C7E9600309CAB /* Roboto-Bold.ttf in Resources */ = {isa = PBXBuildFile; fileRef = 5B8FC4991E4C7E9600309CAB /* Roboto-Bold.ttf */; };
		5B8FC4A71E4C7E9600309CAB /* Roboto-BoldItalic.ttf in Resources */ = {isa = PBXBuildFile; fileRef = 5B8FC49A1E4C7E9600309CAB /* Roboto-BoldItalic.ttf */; };
		5B8FC4A81E4C7E9600309CAB /* Roboto-Italic.ttf in Resources */ = {isa = PBXBuildFile; fileRef = 5B8FC49B1E4C7E9600309CAB /* Roboto-Italic.ttf */; };
		5B8FC4A91E4C7E9600309CAB /* Roboto-Light.ttf in Resources */ = {isa = PBXBuildFile; fileRef = 5B8FC49C1E4C7E9600309CAB /* Roboto-Light.ttf */; };
		5B8FC4AA1E4C7E9600309CAB /* Roboto-LightItalic.ttf in Resources */ = {isa = PBXBuildFile; fileRef = 5B8FC49D1E4C7E9600309CAB /* Roboto-LightItalic.ttf */; };
		5B8FC4AB1E4C7E9600309CAB /* Roboto-Medium.ttf in Resources */ = {isa = PBXBuildFile; fileRef = 5B8FC49E1E4C7E9600309CAB /* Roboto-Medium.ttf */; };
		5B8FC4AC1E4C7E9600309CAB /* Roboto-MediumItalic.ttf in Resources */ = {isa = PBXBuildFile; fileRef = 5B8FC49F1E4C7E9600309CAB /* Roboto-MediumItalic.ttf */; };
		5B8FC4AD1E4C7E9600309CAB /* Roboto-Regular.ttf in Resources */ = {isa = PBXBuildFile; fileRef = 5B8FC4A01E4C7E9600309CAB /* Roboto-Regular.ttf */; };
		5B8FC4AE1E4C7E9600309CAB /* Roboto-Thin.ttf in Resources */ = {isa = PBXBuildFile; fileRef = 5B8FC4A11E4C7E9600309CAB /* Roboto-Thin.ttf */; };
		5B8FC4AF1E4C7E9600309CAB /* Roboto-ThinItalic.ttf in Resources */ = {isa = PBXBuildFile; fileRef = 5B8FC4A21E4C7E9600309CAB /* Roboto-ThinItalic.ttf */; };
		6A9F9B00E60E6F389BC9AD86 /* Pods_MCAProtect.framework in Frameworks */ = {isa = PBXBuildFile; fileRef = 49E374224FF17A1EE2A53A45 /* Pods_MCAProtect.framework */; };
		782BF0D61E5187EF00B79009 /* MCAPerformanceComparisonVS.swift in Sources */ = {isa = PBXBuildFile; fileRef = 782BF0D51E5187EF00B79009 /* MCAPerformanceComparisonVS.swift */; };
		782C69AA1E49ACC500268356 /* Assets.xcassets in Resources */ = {isa = PBXBuildFile; fileRef = 782C69A91E49ACC500268356 /* Assets.xcassets */; };
		782C69AD1E49ACC500268356 /* LaunchScreen.storyboard in Resources */ = {isa = PBXBuildFile; fileRef = 782C69AB1E49ACC500268356 /* LaunchScreen.storyboard */; };
		782C69B81E49ACC500268356 /* MCAProtectTests.swift in Sources */ = {isa = PBXBuildFile; fileRef = 782C69B71E49ACC500268356 /* MCAProtectTests.swift */; };
		782C69C31E49ACC500268356 /* MCAProtectUITests.swift in Sources */ = {isa = PBXBuildFile; fileRef = 782C69C21E49ACC500268356 /* MCAProtectUITests.swift */; };
		782C69D91E49ADE300268356 /* AppDelegate.swift in Sources */ = {isa = PBXBuildFile; fileRef = 782C69D81E49ADE300268356 /* AppDelegate.swift */; };
		782C69DA1E49ADE300268356 /* AppDelegate.swift in Sources */ = {isa = PBXBuildFile; fileRef = 782C69D81E49ADE300268356 /* AppDelegate.swift */; };
		782C69DB1E49ADE300268356 /* AppDelegate.swift in Sources */ = {isa = PBXBuildFile; fileRef = 782C69D81E49ADE300268356 /* AppDelegate.swift */; };
		782C69E11E49AE5700268356 /* DashBoard.storyboard in Resources */ = {isa = PBXBuildFile; fileRef = 782C69E01E49AE5700268356 /* DashBoard.storyboard */; };
		782C69E21E49AE5700268356 /* DashBoard.storyboard in Resources */ = {isa = PBXBuildFile; fileRef = 782C69E01E49AE5700268356 /* DashBoard.storyboard */; };
		782C69E31E49AE5700268356 /* DashBoard.storyboard in Resources */ = {isa = PBXBuildFile; fileRef = 782C69E01E49AE5700268356 /* DashBoard.storyboard */; };
		782C69E91E49AE9200268356 /* MCABaseViewController.swift in Sources */ = {isa = PBXBuildFile; fileRef = 782C69E81E49AE9200268356 /* MCABaseViewController.swift */; };
		782C69EA1E49AE9200268356 /* MCABaseViewController.swift in Sources */ = {isa = PBXBuildFile; fileRef = 782C69E81E49AE9200268356 /* MCABaseViewController.swift */; };
		782C69EB1E49AE9200268356 /* MCABaseViewController.swift in Sources */ = {isa = PBXBuildFile; fileRef = 782C69E81E49AE9200268356 /* MCABaseViewController.swift */; };
		782C69ED1E49AEC100268356 /* MCAConstants.swift in Sources */ = {isa = PBXBuildFile; fileRef = 782C69EC1E49AEC100268356 /* MCAConstants.swift */; };
		782C69EE1E49AEC100268356 /* MCAConstants.swift in Sources */ = {isa = PBXBuildFile; fileRef = 782C69EC1E49AEC100268356 /* MCAConstants.swift */; };
		782C69EF1E49AEC100268356 /* MCAConstants.swift in Sources */ = {isa = PBXBuildFile; fileRef = 782C69EC1E49AEC100268356 /* MCAConstants.swift */; };
		782C69FA1E49B20000268356 /* MCAUtilities.swift in Sources */ = {isa = PBXBuildFile; fileRef = 782C69F91E49B20000268356 /* MCAUtilities.swift */; };
		782C69FD1E49B26000268356 /* Localizable.strings in Resources */ = {isa = PBXBuildFile; fileRef = 782C69FC1E49B26000268356 /* Localizable.strings */; };
		782C69FF1E49B85000268356 /* MCADashboardTabbarVC.swift in Sources */ = {isa = PBXBuildFile; fileRef = 782C69FE1E49B85000268356 /* MCADashboardTabbarVC.swift */; };
		782C6A011E49B8D200268356 /* MCADealsFundedVC.swift in Sources */ = {isa = PBXBuildFile; fileRef = 782C6A001E49B8D200268356 /* MCADealsFundedVC.swift */; };
		782C6A031E49B8F500268356 /* MCADealsPipelineVC.swift in Sources */ = {isa = PBXBuildFile; fileRef = 782C6A021E49B8F500268356 /* MCADealsPipelineVC.swift */; };
		782C6A091E49BE1D00268356 /* MCAForgotPasswordVC.swift in Sources */ = {isa = PBXBuildFile; fileRef = 782C6A081E49BE1D00268356 /* MCAForgotPasswordVC.swift */; };
		782C6A0B1E49BE2F00268356 /* MCALoginViewController.swift in Sources */ = {isa = PBXBuildFile; fileRef = 782C6A0A1E49BE2F00268356 /* MCALoginViewController.swift */; };
		782C6A0D1E49BE4200268356 /* MCARegistrationVC.swift in Sources */ = {isa = PBXBuildFile; fileRef = 782C6A0C1E49BE4200268356 /* MCARegistrationVC.swift */; };
		782C6A0F1E49BE5A00268356 /* MCANewMPinVC.swift in Sources */ = {isa = PBXBuildFile; fileRef = 782C6A0E1E49BE5A00268356 /* MCANewMPinVC.swift */; };
		7871E3341E5312310019B707 /* MCANavigationController.swift in Sources */ = {isa = PBXBuildFile; fileRef = 7871E3331E5312310019B707 /* MCANavigationController.swift */; };
		7871E3431E548FC60019B707 /* MCADelasPipelineCell.swift in Sources */ = {isa = PBXBuildFile; fileRef = 7871E3411E548FC60019B707 /* MCADelasPipelineCell.swift */; };
		7871E3441E548FC60019B707 /* MCADelasPipelineCell.xib in Resources */ = {isa = PBXBuildFile; fileRef = 7871E3421E548FC60019B707 /* MCADelasPipelineCell.xib */; };
		7871E3471E55AF0A0019B707 /* MCAPerformanceComparisonCell.swift in Sources */ = {isa = PBXBuildFile; fileRef = 7871E3451E55AF0A0019B707 /* MCAPerformanceComparisonCell.swift */; };
		7871E3481E55AF0A0019B707 /* MCAPerformanceComparisonCell.xib in Resources */ = {isa = PBXBuildFile; fileRef = 7871E3461E55AF0A0019B707 /* MCAPerformanceComparisonCell.xib */; };
		920914A24728C4C01CBD86BE /* Pods_MCAProtectTests.framework in Frameworks */ = {isa = PBXBuildFile; fileRef = 15F41318617D4B9A57673DFF /* Pods_MCAProtectTests.framework */; };
		BA2EA84B1E66BC7F00145D33 /* MCAApplicationFormVC.swift in Sources */ = {isa = PBXBuildFile; fileRef = BA2EA83A1E66BC7F00145D33 /* MCAApplicationFormVC.swift */; };
		BA2EA84C1E66BC7F00145D33 /* MCAApplicationSummaryVC.swift in Sources */ = {isa = PBXBuildFile; fileRef = BA2EA83C1E66BC7F00145D33 /* MCAApplicationSummaryVC.swift */; };
		BA2EA84D1E66BC7F00145D33 /* MCASavedApplicationsBankRecordsTVCell.swift in Sources */ = {isa = PBXBuildFile; fileRef = BA2EA83E1E66BC7F00145D33 /* MCASavedApplicationsBankRecordsTVCell.swift */; };
		BA2EA84E1E66BC7F00145D33 /* MCASavedApplicationsBankRecordsTVCell.xib in Resources */ = {isa = PBXBuildFile; fileRef = BA2EA83F1E66BC7F00145D33 /* MCASavedApplicationsBankRecordsTVCell.xib */; };
		BA2EA84F1E66BC7F00145D33 /* MCASavedApplicationMerchantDocumentationVC.swift in Sources */ = {isa = PBXBuildFile; fileRef = BA2EA8411E66BC7F00145D33 /* MCASavedApplicationMerchantDocumentationVC.swift */; };
		BA2EA8521E66BC7F00145D33 /* MCASavedApplicationDetailVC.swift in Sources */ = {isa = PBXBuildFile; fileRef = BA2EA8461E66BC7F00145D33 /* MCASavedApplicationDetailVC.swift */; };
		BA2EA8531E66BC7F00145D33 /* MCASavedApplicationListVC.swift in Sources */ = {isa = PBXBuildFile; fileRef = BA2EA8481E66BC7F00145D33 /* MCASavedApplicationListVC.swift */; };
		BA2EA8541E66BC7F00145D33 /* MCASavedApplicationsListTVCell.swift in Sources */ = {isa = PBXBuildFile; fileRef = BA2EA8491E66BC7F00145D33 /* MCASavedApplicationsListTVCell.swift */; };
		BA2EA8551E66BC7F00145D33 /* MCASavedApplicationsListTVCell.xib in Resources */ = {isa = PBXBuildFile; fileRef = BA2EA84A1E66BC7F00145D33 /* MCASavedApplicationsListTVCell.xib */; };
		BA34CD391E4C7E3A001AF75F /* mPin.storyboard in Resources */ = {isa = PBXBuildFile; fileRef = BA34CD381E4C7E3A001AF75F /* mPin.storyboard */; };
		BA34CD3B1E4C9321001AF75F /* MCAEnterMPinVC.swift in Sources */ = {isa = PBXBuildFile; fileRef = BA34CD3A1E4C9321001AF75F /* MCAEnterMPinVC.swift */; };
		BA34CD3E1E4C9E72001AF75F /* SecureInputView.swift in Sources */ = {isa = PBXBuildFile; fileRef = BA34CD3D1E4C9E72001AF75F /* SecureInputView.swift */; };
		BA5B6DBB1E656380003ED6BF /* SavedApplication.storyboard in Resources */ = {isa = PBXBuildFile; fileRef = BA5B6DBA1E656380003ED6BF /* SavedApplication.storyboard */; };
		BA88AC9E1E4D791C003E3B2F /* MCASetMPinVC.swift in Sources */ = {isa = PBXBuildFile; fileRef = BA88AC9D1E4D791C003E3B2F /* MCASetMPinVC.swift */; };
		BA88ACA01E4EE7D6003E3B2F /* MCAChangeMPinVC.swift in Sources */ = {isa = PBXBuildFile; fileRef = BA88AC9F1E4EE7D6003E3B2F /* MCAChangeMPinVC.swift */; };
		BA88ACA21E50285B003E3B2F /* MCAResetMPINVC.swift in Sources */ = {isa = PBXBuildFile; fileRef = BA88ACA11E50285B003E3B2F /* MCAResetMPINVC.swift */; };
		BA8B686D1E5315C6004CEB69 /* MCAApplicationSummaryTVCell.xib in Resources */ = {isa = PBXBuildFile; fileRef = BA8B686C1E5315C6004CEB69 /* MCAApplicationSummaryTVCell.xib */; };
		BA8B686F1E531B66004CEB69 /* MCAApplicationSummaryTVCell.swift in Sources */ = {isa = PBXBuildFile; fileRef = BA8B686E1E531B66004CEB69 /* MCAApplicationSummaryTVCell.swift */; };
		BA8B68711E532111004CEB69 /* MCAApplicationTVCell.xib in Resources */ = {isa = PBXBuildFile; fileRef = BA8B68701E532111004CEB69 /* MCAApplicationTVCell.xib */; };
		BA8B68731E532390004CEB69 /* MCAApplicationTVCell.swift in Sources */ = {isa = PBXBuildFile; fileRef = BA8B68721E532390004CEB69 /* MCAApplicationTVCell.swift */; };
		BA8B68821E5436F8004CEB69 /* MCAApplicationStatusTVCell.xib in Resources */ = {isa = PBXBuildFile; fileRef = BA8B68811E5436F8004CEB69 /* MCAApplicationStatusTVCell.xib */; };
		BA8B68841E543A7D004CEB69 /* MCAApplicationStatusTVCell.swift in Sources */ = {isa = PBXBuildFile; fileRef = BA8B68831E543A7D004CEB69 /* MCAApplicationStatusTVCell.swift */; };
		BA8B68871E545871004CEB69 /* MCALoanDetailsVC.swift in Sources */ = {isa = PBXBuildFile; fileRef = BA8B68861E545871004CEB69 /* MCALoanDetailsVC.swift */; };
		BA8B68891E5458B2004CEB69 /* Common.storyboard in Resources */ = {isa = PBXBuildFile; fileRef = BA8B68881E5458B2004CEB69 /* Common.storyboard */; };
		BA8B688C1E546C9C004CEB69 /* MCABusinessInformationVC.swift in Sources */ = {isa = PBXBuildFile; fileRef = BA8B688B1E546C9C004CEB69 /* MCABusinessInformationVC.swift */; };
		BA8B68BB1E5C709F004CEB69 /* UIViewController+Extensions.swift in Sources */ = {isa = PBXBuildFile; fileRef = BA8B68BA1E5C709F004CEB69 /* UIViewController+Extensions.swift */; };
		BA8B68BD1E5C72B7004CEB69 /* String+Extensions.swift in Sources */ = {isa = PBXBuildFile; fileRef = BA8B68BC1E5C72B7004CEB69 /* String+Extensions.swift */; };
		BA8B68BF1E5C73E0004CEB69 /* UIApplication+Extensions.swift in Sources */ = {isa = PBXBuildFile; fileRef = BA8B68BE1E5C73E0004CEB69 /* UIApplication+Extensions.swift */; };
		BABF75081E66CC930062FB81 /* MCASavedApplicationsBankRecordsVC.swift in Sources */ = {isa = PBXBuildFile; fileRef = BABF75071E66CC930062FB81 /* MCASavedApplicationsBankRecordsVC.swift */; };
		BABF750A1E66D8DB0062FB81 /* MCASavedApplicationBankDetailsVC.swift in Sources */ = {isa = PBXBuildFile; fileRef = BABF75091E66D8DB0062FB81 /* MCASavedApplicationBankDetailsVC.swift */; };
		BABF750D1E66DB2C0062FB81 /* MCASavedApplicationsBankDetailsTVCell.swift in Sources */ = {isa = PBXBuildFile; fileRef = BABF750B1E66DB2C0062FB81 /* MCASavedApplicationsBankDetailsTVCell.swift */; };
		BABF750E1E66DB2C0062FB81 /* MCASavedApplicationsBankDetailsTVCell.xib in Resources */ = {isa = PBXBuildFile; fileRef = BABF750C1E66DB2C0062FB81 /* MCASavedApplicationsBankDetailsTVCell.xib */; };
		BABF75141E671ECE0062FB81 /* MCASALiensPaymentsVC.swift in Sources */ = {isa = PBXBuildFile; fileRef = BABF75131E671ECE0062FB81 /* MCASALiensPaymentsVC.swift */; };
		BABF75191E671F080062FB81 /* MCASAOwnerAndLocationDetailsTVCell.swift in Sources */ = {isa = PBXBuildFile; fileRef = BABF75161E671F080062FB81 /* MCASAOwnerAndLocationDetailsTVCell.swift */; };
		BABF751A1E671F080062FB81 /* MCASAOwnerAndLocationDetailsTVCell.xib in Resources */ = {isa = PBXBuildFile; fileRef = BABF75171E671F080062FB81 /* MCASAOwnerAndLocationDetailsTVCell.xib */; };
		BABF751B1E671F080062FB81 /* MCASAOwnerAndLocationDetailsVC.swift in Sources */ = {isa = PBXBuildFile; fileRef = BABF75181E671F080062FB81 /* MCASAOwnerAndLocationDetailsVC.swift */; };
		BABF751D1E671FA90062FB81 /* MCASABusinessLocationDetails.swift in Sources */ = {isa = PBXBuildFile; fileRef = BABF751C1E671FA90062FB81 /* MCASABusinessLocationDetails.swift */; };
		BABF751F1E68616E0062FB81 /* MCASALoanDetailVC.swift in Sources */ = {isa = PBXBuildFile; fileRef = BABF751E1E68616E0062FB81 /* MCASALoanDetailVC.swift */; };
		BABF752A1E698CEA0062FB81 /* MCAMerchantApplicationListVC.swift in Sources */ = {isa = PBXBuildFile; fileRef = BABF75291E698CEA0062FB81 /* MCAMerchantApplicationListVC.swift */; };
		BABF752C1E6991300062FB81 /* MerchantApplication.storyboard in Resources */ = {isa = PBXBuildFile; fileRef = BABF752B1E6991300062FB81 /* MerchantApplication.storyboard */; };
		BABF752F1E69A5450062FB81 /* MCAMerchantApplicationSummaryVC.swift in Sources */ = {isa = PBXBuildFile; fileRef = BABF752E1E69A5450062FB81 /* MCAMerchantApplicationSummaryVC.swift */; };
		C5FB3A00834EF9FB13DD6F63 /* Pods_MCAProtectUITests.framework in Frameworks */ = {isa = PBXBuildFile; fileRef = 5E179F75E7CB99627451CFB9 /* Pods_MCAProtectUITests.framework */; };
/* End PBXBuildFile section */

/* Begin PBXContainerItemProxy section */
		782C69B41E49ACC500268356 /* PBXContainerItemProxy */ = {
			isa = PBXContainerItemProxy;
			containerPortal = 782C69971E49ACC400268356 /* Project object */;
			proxyType = 1;
			remoteGlobalIDString = 782C699E1E49ACC500268356;
			remoteInfo = MCAProtect;
		};
		782C69BF1E49ACC500268356 /* PBXContainerItemProxy */ = {
			isa = PBXContainerItemProxy;
			containerPortal = 782C69971E49ACC400268356 /* Project object */;
			proxyType = 1;
			remoteGlobalIDString = 782C699E1E49ACC500268356;
			remoteInfo = MCAProtect;
		};
/* End PBXContainerItemProxy section */

/* Begin PBXFileReference section */
		15F41318617D4B9A57673DFF /* Pods_MCAProtectTests.framework */ = {isa = PBXFileReference; explicitFileType = wrapper.framework; includeInIndex = 0; path = Pods_MCAProtectTests.framework; sourceTree = BUILT_PRODUCTS_DIR; };
		2CD461690C404A50EA48979D /* Pods-MCAProtectTests.release.xcconfig */ = {isa = PBXFileReference; includeInIndex = 1; lastKnownFileType = text.xcconfig; name = "Pods-MCAProtectTests.release.xcconfig"; path = "Pods/Target Support Files/Pods-MCAProtectTests/Pods-MCAProtectTests.release.xcconfig"; sourceTree = "<group>"; };
		49E374224FF17A1EE2A53A45 /* Pods_MCAProtect.framework */ = {isa = PBXFileReference; explicitFileType = wrapper.framework; includeInIndex = 0; path = Pods_MCAProtect.framework; sourceTree = BUILT_PRODUCTS_DIR; };
		5B313E071E49BA07004CE58A /* Login.storyboard */ = {isa = PBXFileReference; fileEncoding = 4; lastKnownFileType = file.storyboard; path = Login.storyboard; sourceTree = "<group>"; };
		5B3626A41E66A97400FC19E9 /* MCALiensPaymentsTVCell.swift */ = {isa = PBXFileReference; fileEncoding = 4; lastKnownFileType = sourcecode.swift; path = MCALiensPaymentsTVCell.swift; sourceTree = "<group>"; };
		5B3626A51E66A97400FC19E9 /* MCALiensPaymentsTVCell.xib */ = {isa = PBXFileReference; fileEncoding = 4; lastKnownFileType = file.xib; path = MCALiensPaymentsTVCell.xib; sourceTree = "<group>"; };
		5B3626AA1E66CED700FC19E9 /* MCABankruptcyTVCell.swift */ = {isa = PBXFileReference; fileEncoding = 4; lastKnownFileType = sourcecode.swift; path = MCABankruptcyTVCell.swift; sourceTree = "<group>"; };
		5B3626AB1E66CED700FC19E9 /* MCABankruptcyTVCell.xib */ = {isa = PBXFileReference; fileEncoding = 4; lastKnownFileType = file.xib; path = MCABankruptcyTVCell.xib; sourceTree = "<group>"; };
		5B3626B01E680AB300FC19E9 /* MCASALoansViewController.swift */ = {isa = PBXFileReference; fileEncoding = 4; lastKnownFileType = sourcecode.swift; path = MCASALoansViewController.swift; sourceTree = "<group>"; };
		5B3626B21E681CE000FC19E9 /* MCASALoansTVCell.swift */ = {isa = PBXFileReference; fileEncoding = 4; lastKnownFileType = sourcecode.swift; path = MCASALoansTVCell.swift; sourceTree = "<group>"; };
		5B3626B31E681CE000FC19E9 /* MCASALoansTVCell.xib */ = {isa = PBXFileReference; fileEncoding = 4; lastKnownFileType = file.xib; path = MCASALoansTVCell.xib; sourceTree = "<group>"; };
		5B4741B61E533397001D9435 /* MCALeftMenuVC.swift */ = {isa = PBXFileReference; fileEncoding = 4; lastKnownFileType = sourcecode.swift; path = MCALeftMenuVC.swift; sourceTree = "<group>"; };
		5B4741B71E533397001D9435 /* MCARightMenuVC.swift */ = {isa = PBXFileReference; fileEncoding = 4; lastKnownFileType = sourcecode.swift; path = MCARightMenuVC.swift; sourceTree = "<group>"; };
		5B4741BC1E533511001D9435 /* MCAProtect-Bridging-Header.h */ = {isa = PBXFileReference; lastKnownFileType = sourcecode.c.h; path = "MCAProtect-Bridging-Header.h"; sourceTree = "<group>"; };
		5B4741C01E53411A001D9435 /* MCALeftMenuVC.xib */ = {isa = PBXFileReference; fileEncoding = 4; lastKnownFileType = file.xib; path = MCALeftMenuVC.xib; sourceTree = "<group>"; };
		5B4741C21E534412001D9435 /* MCARightMenuVC.xib */ = {isa = PBXFileReference; fileEncoding = 4; lastKnownFileType = file.xib; path = MCARightMenuVC.xib; sourceTree = "<group>"; };
		5B4741C41E5488B5001D9435 /* MCATableViewCell.swift */ = {isa = PBXFileReference; fileEncoding = 4; lastKnownFileType = sourcecode.swift; path = MCATableViewCell.swift; sourceTree = "<group>"; };
		5B4741C51E5488B5001D9435 /* MCATableViewCell.xib */ = {isa = PBXFileReference; fileEncoding = 4; lastKnownFileType = file.xib; path = MCATableViewCell.xib; sourceTree = "<group>"; };
		5B4741C81E56D58B001D9435 /* ProfileDetail.storyboard */ = {isa = PBXFileReference; fileEncoding = 4; lastKnownFileType = file.storyboard; path = ProfileDetail.storyboard; sourceTree = "<group>"; };
		5B4741CB1E570D2A001D9435 /* MCAProfileViewController.swift */ = {isa = PBXFileReference; fileEncoding = 4; lastKnownFileType = sourcecode.swift; path = MCAProfileViewController.swift; sourceTree = "<group>"; };
		5B643D0A1E5B05D800AE89B1 /* MCAFundingProgramListViewController.swift */ = {isa = PBXFileReference; fileEncoding = 4; lastKnownFileType = sourcecode.swift; path = MCAFundingProgramListViewController.swift; sourceTree = "<group>"; };
		5B643D0C1E5B065500AE89B1 /* FundingProgram.storyboard */ = {isa = PBXFileReference; fileEncoding = 4; lastKnownFileType = file.storyboard; path = FundingProgram.storyboard; sourceTree = "<group>"; };
		5B643D0E1E5B1E2C00AE89B1 /* MCAFundingProgramSummaryVC.swift */ = {isa = PBXFileReference; fileEncoding = 4; lastKnownFileType = sourcecode.swift; path = MCAFundingProgramSummaryVC.swift; sourceTree = "<group>"; };
		5B643D101E5B25AF00AE89B1 /* MCAFPApplicationFormVC.swift */ = {isa = PBXFileReference; fileEncoding = 4; lastKnownFileType = sourcecode.swift; path = MCAFPApplicationFormVC.swift; sourceTree = "<group>"; };
		5B643D121E5B2B4200AE89B1 /* MCAFPApplicationDetailVC.swift */ = {isa = PBXFileReference; fileEncoding = 4; lastKnownFileType = sourcecode.swift; path = MCAFPApplicationDetailVC.swift; sourceTree = "<group>"; };
		5B643D141E5F282300AE89B1 /* MCAApplicationFormTVCell.swift */ = {isa = PBXFileReference; fileEncoding = 4; lastKnownFileType = sourcecode.swift; path = MCAApplicationFormTVCell.swift; sourceTree = "<group>"; };
		5B643D151E5F282300AE89B1 /* MCAApplicationFormTVCell.xib */ = {isa = PBXFileReference; fileEncoding = 4; lastKnownFileType = file.xib; path = MCAApplicationFormTVCell.xib; sourceTree = "<group>"; };
		5B643D181E64027B00AE89B1 /* MCAFPBusinessTypeVC.swift */ = {isa = PBXFileReference; fileEncoding = 4; lastKnownFileType = sourcecode.swift; path = MCAFPBusinessTypeVC.swift; sourceTree = "<group>"; };
		5B8FC48B1E49CDCF00309CAB /* ForgotPassword.storyboard */ = {isa = PBXFileReference; fileEncoding = 4; lastKnownFileType = file.storyboard; path = ForgotPassword.storyboard; sourceTree = "<group>"; };
		5B8FC48D1E49F20A00309CAB /* Registration.storyboard */ = {isa = PBXFileReference; fileEncoding = 4; lastKnownFileType = file.storyboard; path = Registration.storyboard; sourceTree = "<group>"; };
		5B8FC4901E4B011500309CAB /* MCAWebViewController.swift */ = {isa = PBXFileReference; fileEncoding = 4; lastKnownFileType = sourcecode.swift; path = MCAWebViewController.swift; sourceTree = "<group>"; };
		5B8FC4921E4B017500309CAB /* WebView.storyboard */ = {isa = PBXFileReference; fileEncoding = 4; lastKnownFileType = file.storyboard; path = WebView.storyboard; sourceTree = "<group>"; };
		5B8FC4961E4C7E9600309CAB /* Apache License.txt */ = {isa = PBXFileReference; fileEncoding = 4; lastKnownFileType = text; path = "Apache License.txt"; sourceTree = "<group>"; };
		5B8FC4971E4C7E9600309CAB /* Roboto-Black.ttf */ = {isa = PBXFileReference; lastKnownFileType = file; path = "Roboto-Black.ttf"; sourceTree = "<group>"; };
		5B8FC4981E4C7E9600309CAB /* Roboto-BlackItalic.ttf */ = {isa = PBXFileReference; lastKnownFileType = file; path = "Roboto-BlackItalic.ttf"; sourceTree = "<group>"; };
		5B8FC4991E4C7E9600309CAB /* Roboto-Bold.ttf */ = {isa = PBXFileReference; lastKnownFileType = file; path = "Roboto-Bold.ttf"; sourceTree = "<group>"; };
		5B8FC49A1E4C7E9600309CAB /* Roboto-BoldItalic.ttf */ = {isa = PBXFileReference; lastKnownFileType = file; path = "Roboto-BoldItalic.ttf"; sourceTree = "<group>"; };
		5B8FC49B1E4C7E9600309CAB /* Roboto-Italic.ttf */ = {isa = PBXFileReference; lastKnownFileType = file; path = "Roboto-Italic.ttf"; sourceTree = "<group>"; };
		5B8FC49C1E4C7E9600309CAB /* Roboto-Light.ttf */ = {isa = PBXFileReference; lastKnownFileType = file; path = "Roboto-Light.ttf"; sourceTree = "<group>"; };
		5B8FC49D1E4C7E9600309CAB /* Roboto-LightItalic.ttf */ = {isa = PBXFileReference; lastKnownFileType = file; path = "Roboto-LightItalic.ttf"; sourceTree = "<group>"; };
		5B8FC49E1E4C7E9600309CAB /* Roboto-Medium.ttf */ = {isa = PBXFileReference; lastKnownFileType = file; path = "Roboto-Medium.ttf"; sourceTree = "<group>"; };
		5B8FC49F1E4C7E9600309CAB /* Roboto-MediumItalic.ttf */ = {isa = PBXFileReference; lastKnownFileType = file; path = "Roboto-MediumItalic.ttf"; sourceTree = "<group>"; };
		5B8FC4A01E4C7E9600309CAB /* Roboto-Regular.ttf */ = {isa = PBXFileReference; lastKnownFileType = file; path = "Roboto-Regular.ttf"; sourceTree = "<group>"; };
		5B8FC4A11E4C7E9600309CAB /* Roboto-Thin.ttf */ = {isa = PBXFileReference; lastKnownFileType = file; path = "Roboto-Thin.ttf"; sourceTree = "<group>"; };
		5B8FC4A21E4C7E9600309CAB /* Roboto-ThinItalic.ttf */ = {isa = PBXFileReference; lastKnownFileType = file; path = "Roboto-ThinItalic.ttf"; sourceTree = "<group>"; };
		5E179F75E7CB99627451CFB9 /* Pods_MCAProtectUITests.framework */ = {isa = PBXFileReference; explicitFileType = wrapper.framework; includeInIndex = 0; path = Pods_MCAProtectUITests.framework; sourceTree = BUILT_PRODUCTS_DIR; };
		5E47A37941517267D683EADE /* Pods-MCAProtect.debug.xcconfig */ = {isa = PBXFileReference; includeInIndex = 1; lastKnownFileType = text.xcconfig; name = "Pods-MCAProtect.debug.xcconfig"; path = "Pods/Target Support Files/Pods-MCAProtect/Pods-MCAProtect.debug.xcconfig"; sourceTree = "<group>"; };
		5E94C53AFF06DF89429C38BA /* Pods-MCAProtectTests.debug.xcconfig */ = {isa = PBXFileReference; includeInIndex = 1; lastKnownFileType = text.xcconfig; name = "Pods-MCAProtectTests.debug.xcconfig"; path = "Pods/Target Support Files/Pods-MCAProtectTests/Pods-MCAProtectTests.debug.xcconfig"; sourceTree = "<group>"; };
		782BF0D51E5187EF00B79009 /* MCAPerformanceComparisonVS.swift */ = {isa = PBXFileReference; fileEncoding = 4; lastKnownFileType = sourcecode.swift; path = MCAPerformanceComparisonVS.swift; sourceTree = "<group>"; };
		782C699F1E49ACC500268356 /* MCAProtect.app */ = {isa = PBXFileReference; explicitFileType = wrapper.application; includeInIndex = 0; path = MCAProtect.app; sourceTree = BUILT_PRODUCTS_DIR; };
		782C69A91E49ACC500268356 /* Assets.xcassets */ = {isa = PBXFileReference; lastKnownFileType = folder.assetcatalog; path = Assets.xcassets; sourceTree = "<group>"; };
		782C69AC1E49ACC500268356 /* Base */ = {isa = PBXFileReference; lastKnownFileType = file.storyboard; name = Base; path = Base.lproj/LaunchScreen.storyboard; sourceTree = "<group>"; };
		782C69AE1E49ACC500268356 /* Info.plist */ = {isa = PBXFileReference; lastKnownFileType = text.plist.xml; path = Info.plist; sourceTree = "<group>"; };
		782C69B31E49ACC500268356 /* MCAProtectTests.xctest */ = {isa = PBXFileReference; explicitFileType = wrapper.cfbundle; includeInIndex = 0; path = MCAProtectTests.xctest; sourceTree = BUILT_PRODUCTS_DIR; };
		782C69B71E49ACC500268356 /* MCAProtectTests.swift */ = {isa = PBXFileReference; lastKnownFileType = sourcecode.swift; path = MCAProtectTests.swift; sourceTree = "<group>"; };
		782C69B91E49ACC500268356 /* Info.plist */ = {isa = PBXFileReference; lastKnownFileType = text.plist.xml; path = Info.plist; sourceTree = "<group>"; };
		782C69BE1E49ACC500268356 /* MCAProtectUITests.xctest */ = {isa = PBXFileReference; explicitFileType = wrapper.cfbundle; includeInIndex = 0; path = MCAProtectUITests.xctest; sourceTree = BUILT_PRODUCTS_DIR; };
		782C69C21E49ACC500268356 /* MCAProtectUITests.swift */ = {isa = PBXFileReference; lastKnownFileType = sourcecode.swift; path = MCAProtectUITests.swift; sourceTree = "<group>"; };
		782C69C41E49ACC500268356 /* Info.plist */ = {isa = PBXFileReference; lastKnownFileType = text.plist.xml; path = Info.plist; sourceTree = "<group>"; };
		782C69D81E49ADE300268356 /* AppDelegate.swift */ = {isa = PBXFileReference; fileEncoding = 4; lastKnownFileType = sourcecode.swift; path = AppDelegate.swift; sourceTree = "<group>"; };
		782C69E01E49AE5700268356 /* DashBoard.storyboard */ = {isa = PBXFileReference; fileEncoding = 4; lastKnownFileType = file.storyboard; path = DashBoard.storyboard; sourceTree = "<group>"; };
		782C69E81E49AE9200268356 /* MCABaseViewController.swift */ = {isa = PBXFileReference; fileEncoding = 4; lastKnownFileType = sourcecode.swift; path = MCABaseViewController.swift; sourceTree = "<group>"; };
		782C69EC1E49AEC100268356 /* MCAConstants.swift */ = {isa = PBXFileReference; fileEncoding = 4; lastKnownFileType = sourcecode.swift; path = MCAConstants.swift; sourceTree = "<group>"; };
		782C69F91E49B20000268356 /* MCAUtilities.swift */ = {isa = PBXFileReference; fileEncoding = 4; lastKnownFileType = sourcecode.swift; path = MCAUtilities.swift; sourceTree = "<group>"; };
		782C69FC1E49B26000268356 /* Localizable.strings */ = {isa = PBXFileReference; fileEncoding = 4; lastKnownFileType = text.plist.strings; path = Localizable.strings; sourceTree = "<group>"; };
		782C69FE1E49B85000268356 /* MCADashboardTabbarVC.swift */ = {isa = PBXFileReference; fileEncoding = 4; lastKnownFileType = sourcecode.swift; path = MCADashboardTabbarVC.swift; sourceTree = "<group>"; };
		782C6A001E49B8D200268356 /* MCADealsFundedVC.swift */ = {isa = PBXFileReference; fileEncoding = 4; lastKnownFileType = sourcecode.swift; path = MCADealsFundedVC.swift; sourceTree = "<group>"; };
		782C6A021E49B8F500268356 /* MCADealsPipelineVC.swift */ = {isa = PBXFileReference; fileEncoding = 4; lastKnownFileType = sourcecode.swift; path = MCADealsPipelineVC.swift; sourceTree = "<group>"; };
		782C6A081E49BE1D00268356 /* MCAForgotPasswordVC.swift */ = {isa = PBXFileReference; fileEncoding = 4; lastKnownFileType = sourcecode.swift; path = MCAForgotPasswordVC.swift; sourceTree = "<group>"; };
		782C6A0A1E49BE2F00268356 /* MCALoginViewController.swift */ = {isa = PBXFileReference; fileEncoding = 4; lastKnownFileType = sourcecode.swift; path = MCALoginViewController.swift; sourceTree = "<group>"; };
		782C6A0C1E49BE4200268356 /* MCARegistrationVC.swift */ = {isa = PBXFileReference; fileEncoding = 4; lastKnownFileType = sourcecode.swift; path = MCARegistrationVC.swift; sourceTree = "<group>"; };
		782C6A0E1E49BE5A00268356 /* MCANewMPinVC.swift */ = {isa = PBXFileReference; fileEncoding = 4; lastKnownFileType = sourcecode.swift; path = MCANewMPinVC.swift; sourceTree = "<group>"; };
		7871E3331E5312310019B707 /* MCANavigationController.swift */ = {isa = PBXFileReference; fileEncoding = 4; lastKnownFileType = sourcecode.swift; path = MCANavigationController.swift; sourceTree = "<group>"; };
		7871E3411E548FC60019B707 /* MCADelasPipelineCell.swift */ = {isa = PBXFileReference; fileEncoding = 4; lastKnownFileType = sourcecode.swift; path = MCADelasPipelineCell.swift; sourceTree = "<group>"; };
		7871E3421E548FC60019B707 /* MCADelasPipelineCell.xib */ = {isa = PBXFileReference; fileEncoding = 4; lastKnownFileType = file.xib; path = MCADelasPipelineCell.xib; sourceTree = "<group>"; };
		7871E3451E55AF0A0019B707 /* MCAPerformanceComparisonCell.swift */ = {isa = PBXFileReference; fileEncoding = 4; lastKnownFileType = sourcecode.swift; path = MCAPerformanceComparisonCell.swift; sourceTree = "<group>"; };
		7871E3461E55AF0A0019B707 /* MCAPerformanceComparisonCell.xib */ = {isa = PBXFileReference; fileEncoding = 4; lastKnownFileType = file.xib; path = MCAPerformanceComparisonCell.xib; sourceTree = "<group>"; };
		84A7B9792B818B5B33B81216 /* Pods-MCAProtectUITests.release.xcconfig */ = {isa = PBXFileReference; includeInIndex = 1; lastKnownFileType = text.xcconfig; name = "Pods-MCAProtectUITests.release.xcconfig"; path = "Pods/Target Support Files/Pods-MCAProtectUITests/Pods-MCAProtectUITests.release.xcconfig"; sourceTree = "<group>"; };
		BA2EA83A1E66BC7F00145D33 /* MCAApplicationFormVC.swift */ = {isa = PBXFileReference; fileEncoding = 4; lastKnownFileType = sourcecode.swift; path = MCAApplicationFormVC.swift; sourceTree = "<group>"; };
		BA2EA83C1E66BC7F00145D33 /* MCAApplicationSummaryVC.swift */ = {isa = PBXFileReference; fileEncoding = 4; lastKnownFileType = sourcecode.swift; path = MCAApplicationSummaryVC.swift; sourceTree = "<group>"; };
		BA2EA83E1E66BC7F00145D33 /* MCASavedApplicationsBankRecordsTVCell.swift */ = {isa = PBXFileReference; fileEncoding = 4; lastKnownFileType = sourcecode.swift; path = MCASavedApplicationsBankRecordsTVCell.swift; sourceTree = "<group>"; };
		BA2EA83F1E66BC7F00145D33 /* MCASavedApplicationsBankRecordsTVCell.xib */ = {isa = PBXFileReference; fileEncoding = 4; lastKnownFileType = file.xib; path = MCASavedApplicationsBankRecordsTVCell.xib; sourceTree = "<group>"; };
		BA2EA8411E66BC7F00145D33 /* MCASavedApplicationMerchantDocumentationVC.swift */ = {isa = PBXFileReference; fileEncoding = 4; lastKnownFileType = sourcecode.swift; path = MCASavedApplicationMerchantDocumentationVC.swift; sourceTree = "<group>"; };
		BA2EA8461E66BC7F00145D33 /* MCASavedApplicationDetailVC.swift */ = {isa = PBXFileReference; fileEncoding = 4; lastKnownFileType = sourcecode.swift; path = MCASavedApplicationDetailVC.swift; sourceTree = "<group>"; };
		BA2EA8481E66BC7F00145D33 /* MCASavedApplicationListVC.swift */ = {isa = PBXFileReference; fileEncoding = 4; lastKnownFileType = sourcecode.swift; path = MCASavedApplicationListVC.swift; sourceTree = "<group>"; };
		BA2EA8491E66BC7F00145D33 /* MCASavedApplicationsListTVCell.swift */ = {isa = PBXFileReference; fileEncoding = 4; lastKnownFileType = sourcecode.swift; path = MCASavedApplicationsListTVCell.swift; sourceTree = "<group>"; };
		BA2EA84A1E66BC7F00145D33 /* MCASavedApplicationsListTVCell.xib */ = {isa = PBXFileReference; fileEncoding = 4; lastKnownFileType = file.xib; path = MCASavedApplicationsListTVCell.xib; sourceTree = "<group>"; };
		BA34CD381E4C7E3A001AF75F /* mPin.storyboard */ = {isa = PBXFileReference; fileEncoding = 4; lastKnownFileType = file.storyboard; path = mPin.storyboard; sourceTree = "<group>"; };
		BA34CD3A1E4C9321001AF75F /* MCAEnterMPinVC.swift */ = {isa = PBXFileReference; fileEncoding = 4; lastKnownFileType = sourcecode.swift; path = MCAEnterMPinVC.swift; sourceTree = "<group>"; };
		BA34CD3D1E4C9E72001AF75F /* SecureInputView.swift */ = {isa = PBXFileReference; fileEncoding = 4; lastKnownFileType = sourcecode.swift; path = SecureInputView.swift; sourceTree = "<group>"; };
		BA5B6DBA1E656380003ED6BF /* SavedApplication.storyboard */ = {isa = PBXFileReference; fileEncoding = 4; lastKnownFileType = file.storyboard; path = SavedApplication.storyboard; sourceTree = "<group>"; };
		BA88AC9D1E4D791C003E3B2F /* MCASetMPinVC.swift */ = {isa = PBXFileReference; fileEncoding = 4; lastKnownFileType = sourcecode.swift; path = MCASetMPinVC.swift; sourceTree = "<group>"; };
		BA88AC9F1E4EE7D6003E3B2F /* MCAChangeMPinVC.swift */ = {isa = PBXFileReference; fileEncoding = 4; lastKnownFileType = sourcecode.swift; path = MCAChangeMPinVC.swift; sourceTree = "<group>"; };
		BA88ACA11E50285B003E3B2F /* MCAResetMPINVC.swift */ = {isa = PBXFileReference; fileEncoding = 4; lastKnownFileType = sourcecode.swift; path = MCAResetMPINVC.swift; sourceTree = "<group>"; };
		BA8B686C1E5315C6004CEB69 /* MCAApplicationSummaryTVCell.xib */ = {isa = PBXFileReference; fileEncoding = 4; lastKnownFileType = file.xib; path = MCAApplicationSummaryTVCell.xib; sourceTree = "<group>"; };
		BA8B686E1E531B66004CEB69 /* MCAApplicationSummaryTVCell.swift */ = {isa = PBXFileReference; fileEncoding = 4; lastKnownFileType = sourcecode.swift; path = MCAApplicationSummaryTVCell.swift; sourceTree = "<group>"; };
		BA8B68701E532111004CEB69 /* MCAApplicationTVCell.xib */ = {isa = PBXFileReference; fileEncoding = 4; lastKnownFileType = file.xib; path = MCAApplicationTVCell.xib; sourceTree = "<group>"; };
		BA8B68721E532390004CEB69 /* MCAApplicationTVCell.swift */ = {isa = PBXFileReference; fileEncoding = 4; lastKnownFileType = sourcecode.swift; path = MCAApplicationTVCell.swift; sourceTree = "<group>"; };
		BA8B68811E5436F8004CEB69 /* MCAApplicationStatusTVCell.xib */ = {isa = PBXFileReference; fileEncoding = 4; lastKnownFileType = file.xib; path = MCAApplicationStatusTVCell.xib; sourceTree = "<group>"; };
		BA8B68831E543A7D004CEB69 /* MCAApplicationStatusTVCell.swift */ = {isa = PBXFileReference; fileEncoding = 4; lastKnownFileType = sourcecode.swift; path = MCAApplicationStatusTVCell.swift; sourceTree = "<group>"; };
		BA8B68861E545871004CEB69 /* MCALoanDetailsVC.swift */ = {isa = PBXFileReference; fileEncoding = 4; lastKnownFileType = sourcecode.swift; path = MCALoanDetailsVC.swift; sourceTree = "<group>"; };
		BA8B68881E5458B2004CEB69 /* Common.storyboard */ = {isa = PBXFileReference; fileEncoding = 4; lastKnownFileType = file.storyboard; path = Common.storyboard; sourceTree = "<group>"; };
		BA8B688B1E546C9C004CEB69 /* MCABusinessInformationVC.swift */ = {isa = PBXFileReference; fileEncoding = 4; lastKnownFileType = sourcecode.swift; path = MCABusinessInformationVC.swift; sourceTree = "<group>"; };
		BA8B68BA1E5C709F004CEB69 /* UIViewController+Extensions.swift */ = {isa = PBXFileReference; fileEncoding = 4; lastKnownFileType = sourcecode.swift; path = "UIViewController+Extensions.swift"; sourceTree = "<group>"; };
		BA8B68BC1E5C72B7004CEB69 /* String+Extensions.swift */ = {isa = PBXFileReference; fileEncoding = 4; lastKnownFileType = sourcecode.swift; path = "String+Extensions.swift"; sourceTree = "<group>"; };
		BA8B68BE1E5C73E0004CEB69 /* UIApplication+Extensions.swift */ = {isa = PBXFileReference; fileEncoding = 4; lastKnownFileType = sourcecode.swift; path = "UIApplication+Extensions.swift"; sourceTree = "<group>"; };
		BABF75071E66CC930062FB81 /* MCASavedApplicationsBankRecordsVC.swift */ = {isa = PBXFileReference; fileEncoding = 4; lastKnownFileType = sourcecode.swift; path = MCASavedApplicationsBankRecordsVC.swift; sourceTree = "<group>"; };
		BABF75091E66D8DB0062FB81 /* MCASavedApplicationBankDetailsVC.swift */ = {isa = PBXFileReference; fileEncoding = 4; lastKnownFileType = sourcecode.swift; path = MCASavedApplicationBankDetailsVC.swift; sourceTree = "<group>"; };
		BABF750B1E66DB2C0062FB81 /* MCASavedApplicationsBankDetailsTVCell.swift */ = {isa = PBXFileReference; fileEncoding = 4; lastKnownFileType = sourcecode.swift; path = MCASavedApplicationsBankDetailsTVCell.swift; sourceTree = "<group>"; };
		BABF750C1E66DB2C0062FB81 /* MCASavedApplicationsBankDetailsTVCell.xib */ = {isa = PBXFileReference; fileEncoding = 4; lastKnownFileType = file.xib; path = MCASavedApplicationsBankDetailsTVCell.xib; sourceTree = "<group>"; };
		BABF75131E671ECE0062FB81 /* MCASALiensPaymentsVC.swift */ = {isa = PBXFileReference; fileEncoding = 4; lastKnownFileType = sourcecode.swift; path = MCASALiensPaymentsVC.swift; sourceTree = "<group>"; };
		BABF75161E671F080062FB81 /* MCASAOwnerAndLocationDetailsTVCell.swift */ = {isa = PBXFileReference; fileEncoding = 4; lastKnownFileType = sourcecode.swift; path = MCASAOwnerAndLocationDetailsTVCell.swift; sourceTree = "<group>"; };
		BABF75171E671F080062FB81 /* MCASAOwnerAndLocationDetailsTVCell.xib */ = {isa = PBXFileReference; fileEncoding = 4; lastKnownFileType = file.xib; path = MCASAOwnerAndLocationDetailsTVCell.xib; sourceTree = "<group>"; };
		BABF75181E671F080062FB81 /* MCASAOwnerAndLocationDetailsVC.swift */ = {isa = PBXFileReference; fileEncoding = 4; lastKnownFileType = sourcecode.swift; path = MCASAOwnerAndLocationDetailsVC.swift; sourceTree = "<group>"; };
		BABF751C1E671FA90062FB81 /* MCASABusinessLocationDetails.swift */ = {isa = PBXFileReference; fileEncoding = 4; lastKnownFileType = sourcecode.swift; path = MCASABusinessLocationDetails.swift; sourceTree = "<group>"; };
		BABF751E1E68616E0062FB81 /* MCASALoanDetailVC.swift */ = {isa = PBXFileReference; fileEncoding = 4; lastKnownFileType = sourcecode.swift; name = MCASALoanDetailVC.swift; path = Loans/MCASALoanDetailVC.swift; sourceTree = "<group>"; };
		BABF75291E698CEA0062FB81 /* MCAMerchantApplicationListVC.swift */ = {isa = PBXFileReference; fileEncoding = 4; lastKnownFileType = sourcecode.swift; path = MCAMerchantApplicationListVC.swift; sourceTree = "<group>"; };
		BABF752B1E6991300062FB81 /* MerchantApplication.storyboard */ = {isa = PBXFileReference; fileEncoding = 4; lastKnownFileType = file.storyboard; path = MerchantApplication.storyboard; sourceTree = "<group>"; };
		BABF752E1E69A5450062FB81 /* MCAMerchantApplicationSummaryVC.swift */ = {isa = PBXFileReference; fileEncoding = 4; lastKnownFileType = sourcecode.swift; path = MCAMerchantApplicationSummaryVC.swift; sourceTree = "<group>"; };
		CD874CB50199F4CBAB462DB8 /* Pods-MCAProtectUITests.debug.xcconfig */ = {isa = PBXFileReference; includeInIndex = 1; lastKnownFileType = text.xcconfig; name = "Pods-MCAProtectUITests.debug.xcconfig"; path = "Pods/Target Support Files/Pods-MCAProtectUITests/Pods-MCAProtectUITests.debug.xcconfig"; sourceTree = "<group>"; };
		CF63E6088842F5D2B3565710 /* Pods-MCAProtect.release.xcconfig */ = {isa = PBXFileReference; includeInIndex = 1; lastKnownFileType = text.xcconfig; name = "Pods-MCAProtect.release.xcconfig"; path = "Pods/Target Support Files/Pods-MCAProtect/Pods-MCAProtect.release.xcconfig"; sourceTree = "<group>"; };
/* End PBXFileReference section */

/* Begin PBXFrameworksBuildPhase section */
		782C699C1E49ACC500268356 /* Frameworks */ = {
			isa = PBXFrameworksBuildPhase;
			buildActionMask = 2147483647;
			files = (
				6A9F9B00E60E6F389BC9AD86 /* Pods_MCAProtect.framework in Frameworks */,
			);
			runOnlyForDeploymentPostprocessing = 0;
		};
		782C69B01E49ACC500268356 /* Frameworks */ = {
			isa = PBXFrameworksBuildPhase;
			buildActionMask = 2147483647;
			files = (
				920914A24728C4C01CBD86BE /* Pods_MCAProtectTests.framework in Frameworks */,
			);
			runOnlyForDeploymentPostprocessing = 0;
		};
		782C69BB1E49ACC500268356 /* Frameworks */ = {
			isa = PBXFrameworksBuildPhase;
			buildActionMask = 2147483647;
			files = (
				C5FB3A00834EF9FB13DD6F63 /* Pods_MCAProtectUITests.framework in Frameworks */,
			);
			runOnlyForDeploymentPostprocessing = 0;
		};
/* End PBXFrameworksBuildPhase section */

/* Begin PBXGroup section */
		13548BCC51D01EB2D7FB98F9 /* Pods */ = {
			isa = PBXGroup;
			children = (
				5E47A37941517267D683EADE /* Pods-MCAProtect.debug.xcconfig */,
				CF63E6088842F5D2B3565710 /* Pods-MCAProtect.release.xcconfig */,
				5E94C53AFF06DF89429C38BA /* Pods-MCAProtectTests.debug.xcconfig */,
				2CD461690C404A50EA48979D /* Pods-MCAProtectTests.release.xcconfig */,
				CD874CB50199F4CBAB462DB8 /* Pods-MCAProtectUITests.debug.xcconfig */,
				84A7B9792B818B5B33B81216 /* Pods-MCAProtectUITests.release.xcconfig */,
			);
			name = Pods;
			sourceTree = "<group>";
		};
		5B3626AF1E680A5B00FC19E9 /* MCALoans */ = {
			isa = PBXGroup;
			children = (
				5B3626B01E680AB300FC19E9 /* MCASALoansViewController.swift */,
				5B3626B21E681CE000FC19E9 /* MCASALoansTVCell.swift */,
				5B3626B31E681CE000FC19E9 /* MCASALoansTVCell.xib */,
				BABF751E1E68616E0062FB81 /* MCASALoanDetailVC.swift */,
			);
			name = MCALoans;
			sourceTree = "<group>";
		};
		5B4741B51E533397001D9435 /* SlideMenu */ = {
			isa = PBXGroup;
			children = (
				5B4741B61E533397001D9435 /* MCALeftMenuVC.swift */,
				5B4741C01E53411A001D9435 /* MCALeftMenuVC.xib */,
				5B4741B71E533397001D9435 /* MCARightMenuVC.swift */,
				5B4741C21E534412001D9435 /* MCARightMenuVC.xib */,
				5B4741C41E5488B5001D9435 /* MCATableViewCell.swift */,
				5B4741C51E5488B5001D9435 /* MCATableViewCell.xib */,
			);
			name = SlideMenu;
			path = DashBoard/SlideMenu;
			sourceTree = "<group>";
		};
		5B4741CA1E570C6C001D9435 /* Profile */ = {
			isa = PBXGroup;
			children = (
				5B4741CB1E570D2A001D9435 /* MCAProfileViewController.swift */,
			);
			name = Profile;
			path = DashBoard/Profile;
			sourceTree = "<group>";
		};
		5B643D091E5B057E00AE89B1 /* Funding Program */ = {
			isa = PBXGroup;
			children = (
				5B643D0A1E5B05D800AE89B1 /* MCAFundingProgramListViewController.swift */,
				5B643D0E1E5B1E2C00AE89B1 /* MCAFundingProgramSummaryVC.swift */,
				5B643D101E5B25AF00AE89B1 /* MCAFPApplicationFormVC.swift */,
				5B643D121E5B2B4200AE89B1 /* MCAFPApplicationDetailVC.swift */,
				5B643D181E64027B00AE89B1 /* MCAFPBusinessTypeVC.swift */,
			);
			path = "Funding Program";
			sourceTree = "<group>";
		};
		5B8FC48F1E4B00C500309CAB /* GenricWebController */ = {
			isa = PBXGroup;
			children = (
				5B8FC4901E4B011500309CAB /* MCAWebViewController.swift */,
			);
			path = GenricWebController;
			sourceTree = "<group>";
		};
		5B8FC4941E4C7E9600309CAB /* Resources */ = {
			isa = PBXGroup;
			children = (
				5B8FC4951E4C7E9600309CAB /* roboto */,
			);
			name = Resources;
			path = Utilities/Resources;
			sourceTree = "<group>";
		};
		5B8FC4951E4C7E9600309CAB /* roboto */ = {
			isa = PBXGroup;
			children = (
				5B8FC4961E4C7E9600309CAB /* Apache License.txt */,
				5B8FC4971E4C7E9600309CAB /* Roboto-Black.ttf */,
				5B8FC4981E4C7E9600309CAB /* Roboto-BlackItalic.ttf */,
				5B8FC4991E4C7E9600309CAB /* Roboto-Bold.ttf */,
				5B8FC49A1E4C7E9600309CAB /* Roboto-BoldItalic.ttf */,
				5B8FC49B1E4C7E9600309CAB /* Roboto-Italic.ttf */,
				5B8FC49C1E4C7E9600309CAB /* Roboto-Light.ttf */,
				5B8FC49D1E4C7E9600309CAB /* Roboto-LightItalic.ttf */,
				5B8FC49E1E4C7E9600309CAB /* Roboto-Medium.ttf */,
				5B8FC49F1E4C7E9600309CAB /* Roboto-MediumItalic.ttf */,
				5B8FC4A01E4C7E9600309CAB /* Roboto-Regular.ttf */,
				5B8FC4A11E4C7E9600309CAB /* Roboto-Thin.ttf */,
				5B8FC4A21E4C7E9600309CAB /* Roboto-ThinItalic.ttf */,
			);
			path = roboto;
			sourceTree = "<group>";
		};
		5BF253A17960C5042D6F9A05 /* Frameworks */ = {
			isa = PBXGroup;
			children = (
				49E374224FF17A1EE2A53A45 /* Pods_MCAProtect.framework */,
				15F41318617D4B9A57673DFF /* Pods_MCAProtectTests.framework */,
				5E179F75E7CB99627451CFB9 /* Pods_MCAProtectUITests.framework */,
			);
			name = Frameworks;
			sourceTree = "<group>";
		};
		782C69961E49ACC400268356 = {
			isa = PBXGroup;
			children = (
				782C69A11E49ACC500268356 /* MCAProtect */,
				782C69FB1E49B22E00268356 /* LocalizableStrings */,
				782C69B61E49ACC500268356 /* MCAProtectTests */,
				782C69C11E49ACC500268356 /* MCAProtectUITests */,
				782C69A01E49ACC500268356 /* Products */,
				13548BCC51D01EB2D7FB98F9 /* Pods */,
				5BF253A17960C5042D6F9A05 /* Frameworks */,
			);
			sourceTree = "<group>";
		};
		782C69A01E49ACC500268356 /* Products */ = {
			isa = PBXGroup;
			children = (
				782C699F1E49ACC500268356 /* MCAProtect.app */,
				782C69B31E49ACC500268356 /* MCAProtectTests.xctest */,
				782C69BE1E49ACC500268356 /* MCAProtectUITests.xctest */,
			);
			name = Products;
			sourceTree = "<group>";
		};
		782C69A11E49ACC500268356 /* MCAProtect */ = {
			isa = PBXGroup;
			children = (
				7871E3321E5312140019B707 /* NavigationController */,
				782C6A101E49DEB900268356 /* WebServicesManager */,
				782C69D71E49ADE300268356 /* Application Delegate */,
				782C69D21E49ADD700268356 /* BaseViewController */,
				782C69D31E49ADD700268356 /* Constants */,
				782C69D41E49ADD700268356 /* Controllers */,
				BA34CD3C1E4C9E72001AF75F /* CustomComponents */,
				782C69D61E49ADD700268356 /* Extensions */,
				782C69D01E49ADC900268356 /* StoryBoards */,
				5B8FC4941E4C7E9600309CAB /* Resources */,
				782C69D11E49ADC900268356 /* Utilities */,
				782C69A91E49ACC500268356 /* Assets.xcassets */,
				782C69AE1E49ACC500268356 /* Info.plist */,
			);
			path = MCAProtect;
			sourceTree = "<group>";
		};
		782C69B61E49ACC500268356 /* MCAProtectTests */ = {
			isa = PBXGroup;
			children = (
				782C69B71E49ACC500268356 /* MCAProtectTests.swift */,
				782C69B91E49ACC500268356 /* Info.plist */,
			);
			path = MCAProtectTests;
			sourceTree = "<group>";
		};
		782C69C11E49ACC500268356 /* MCAProtectUITests */ = {
			isa = PBXGroup;
			children = (
				782C69C21E49ACC500268356 /* MCAProtectUITests.swift */,
				782C69C41E49ACC500268356 /* Info.plist */,
			);
			path = MCAProtectUITests;
			sourceTree = "<group>";
		};
		782C69D01E49ADC900268356 /* StoryBoards */ = {
			isa = PBXGroup;
			children = (
				BA5B6DBA1E656380003ED6BF /* SavedApplication.storyboard */,
				782C69AB1E49ACC500268356 /* LaunchScreen.storyboard */,
				782C69E01E49AE5700268356 /* DashBoard.storyboard */,
				5B313E071E49BA07004CE58A /* Login.storyboard */,
				5B8FC48B1E49CDCF00309CAB /* ForgotPassword.storyboard */,
				5B8FC48D1E49F20A00309CAB /* Registration.storyboard */,
				5B8FC4921E4B017500309CAB /* WebView.storyboard */,
				BA34CD381E4C7E3A001AF75F /* mPin.storyboard */,
				BA8B68881E5458B2004CEB69 /* Common.storyboard */,
				5B4741C81E56D58B001D9435 /* ProfileDetail.storyboard */,
				5B643D0C1E5B065500AE89B1 /* FundingProgram.storyboard */,
				BABF752B1E6991300062FB81 /* MerchantApplication.storyboard */,
			);
			path = StoryBoards;
			sourceTree = "<group>";
		};
		782C69D11E49ADC900268356 /* Utilities */ = {
			isa = PBXGroup;
			children = (
				782C69F91E49B20000268356 /* MCAUtilities.swift */,
			);
			path = Utilities;
			sourceTree = "<group>";
		};
		782C69D21E49ADD700268356 /* BaseViewController */ = {
			isa = PBXGroup;
			children = (
				782C69E81E49AE9200268356 /* MCABaseViewController.swift */,
			);
			path = BaseViewController;
			sourceTree = "<group>";
		};
		782C69D31E49ADD700268356 /* Constants */ = {
			isa = PBXGroup;
			children = (
				782C69EC1E49AEC100268356 /* MCAConstants.swift */,
			);
			path = Constants;
			sourceTree = "<group>";
		};
		782C69D41E49ADD700268356 /* Controllers */ = {
			isa = PBXGroup;
			children = (
				BABF75201E6986820062FB81 /* MerchantApplications */,
				5B4741CA1E570C6C001D9435 /* Profile */,
				BA8B688A1E546C71004CEB69 /* BusinessInformation */,
				BA8B68851E545846004CEB69 /* Loans */,
				5B4741B51E533397001D9435 /* SlideMenu */,
				5B8FC48F1E4B00C500309CAB /* GenricWebController */,
				782C6A061E49BE0200268356 /* MPin */,
				782C6A041E49BE0200268356 /* ForgotPassword */,
				5B643D091E5B057E00AE89B1 /* Funding Program */,
				782C6A051E49BE0200268356 /* Login */,
				782C6A071E49BE0200268356 /* Registration */,
				BA30E2FF1E5DB4C3005829F4 /* Saved Applications */,
				782C69F01E49AFDB00268356 /* DashBoard */,
			);
			path = Controllers;
			sourceTree = "<group>";
		};
		782C69D61E49ADD700268356 /* Extensions */ = {
			isa = PBXGroup;
			children = (
				BA8B68BA1E5C709F004CEB69 /* UIViewController+Extensions.swift */,
				BA8B68BC1E5C72B7004CEB69 /* String+Extensions.swift */,
				BA8B68BE1E5C73E0004CEB69 /* UIApplication+Extensions.swift */,
			);
			path = Extensions;
			sourceTree = "<group>";
		};
		782C69D71E49ADE300268356 /* Application Delegate */ = {
			isa = PBXGroup;
			children = (
				782C69D81E49ADE300268356 /* AppDelegate.swift */,
				5B4741BC1E533511001D9435 /* MCAProtect-Bridging-Header.h */,
			);
			path = "Application Delegate";
			sourceTree = "<group>";
		};
		782C69F01E49AFDB00268356 /* DashBoard */ = {
			isa = PBXGroup;
			children = (
				782C69F11E49AFDB00268356 /* DashboardTabbarController */,
				782C69F21E49AFDB00268356 /* DealsFunded */,
				782C69F31E49AFDB00268356 /* DealsPipeline */,
				782C69F41E49AFDB00268356 /* PerfromanceComparison */,
			);
			path = DashBoard;
			sourceTree = "<group>";
		};
		782C69F11E49AFDB00268356 /* DashboardTabbarController */ = {
			isa = PBXGroup;
			children = (
				782C69FE1E49B85000268356 /* MCADashboardTabbarVC.swift */,
			);
			path = DashboardTabbarController;
			sourceTree = "<group>";
		};
		782C69F21E49AFDB00268356 /* DealsFunded */ = {
			isa = PBXGroup;
			children = (
				782C6A001E49B8D200268356 /* MCADealsFundedVC.swift */,
			);
			path = DealsFunded;
			sourceTree = "<group>";
		};
		782C69F31E49AFDB00268356 /* DealsPipeline */ = {
			isa = PBXGroup;
			children = (
				7871E3411E548FC60019B707 /* MCADelasPipelineCell.swift */,
				7871E3421E548FC60019B707 /* MCADelasPipelineCell.xib */,
				782C6A021E49B8F500268356 /* MCADealsPipelineVC.swift */,
			);
			path = DealsPipeline;
			sourceTree = "<group>";
		};
		782C69F41E49AFDB00268356 /* PerfromanceComparison */ = {
			isa = PBXGroup;
			children = (
				782BF0D51E5187EF00B79009 /* MCAPerformanceComparisonVS.swift */,
				7871E3451E55AF0A0019B707 /* MCAPerformanceComparisonCell.swift */,
				7871E3461E55AF0A0019B707 /* MCAPerformanceComparisonCell.xib */,
			);
			path = PerfromanceComparison;
			sourceTree = "<group>";
		};
		782C69FB1E49B22E00268356 /* LocalizableStrings */ = {
			isa = PBXGroup;
			children = (
				782C69FC1E49B26000268356 /* Localizable.strings */,
			);
			name = LocalizableStrings;
			path = MCAProtect/LocalizableStrings;
			sourceTree = "<group>";
		};
		782C6A041E49BE0200268356 /* ForgotPassword */ = {
			isa = PBXGroup;
			children = (
				782C6A081E49BE1D00268356 /* MCAForgotPasswordVC.swift */,
			);
			path = ForgotPassword;
			sourceTree = "<group>";
		};
		782C6A051E49BE0200268356 /* Login */ = {
			isa = PBXGroup;
			children = (
				782C6A0A1E49BE2F00268356 /* MCALoginViewController.swift */,
			);
			path = Login;
			sourceTree = "<group>";
		};
		782C6A061E49BE0200268356 /* MPin */ = {
			isa = PBXGroup;
			children = (
				782C6A0E1E49BE5A00268356 /* MCANewMPinVC.swift */,
				BA34CD3A1E4C9321001AF75F /* MCAEnterMPinVC.swift */,
				BA88AC9D1E4D791C003E3B2F /* MCASetMPinVC.swift */,
				BA88AC9F1E4EE7D6003E3B2F /* MCAChangeMPinVC.swift */,
				BA88ACA11E50285B003E3B2F /* MCAResetMPINVC.swift */,
			);
			path = MPin;
			sourceTree = "<group>";
		};
		782C6A071E49BE0200268356 /* Registration */ = {
			isa = PBXGroup;
			children = (
				782C6A0C1E49BE4200268356 /* MCARegistrationVC.swift */,
			);
			path = Registration;
			sourceTree = "<group>";
		};
		782C6A101E49DEB900268356 /* WebServicesManager */ = {
			isa = PBXGroup;
			children = (
			);
			path = WebServicesManager;
			sourceTree = "<group>";
		};
		7871E3321E5312140019B707 /* NavigationController */ = {
			isa = PBXGroup;
			children = (
				7871E3331E5312310019B707 /* MCANavigationController.swift */,
			);
			path = NavigationController;
			sourceTree = "<group>";
		};
		BA2EA8391E66BC7F00145D33 /* ApplicationForm */ = {
			isa = PBXGroup;
			children = (
				BA2EA83A1E66BC7F00145D33 /* MCAApplicationFormVC.swift */,
			);
			path = ApplicationForm;
			sourceTree = "<group>";
		};
		BA2EA83B1E66BC7F00145D33 /* ApplicationSummary */ = {
			isa = PBXGroup;
			children = (
				BA2EA83C1E66BC7F00145D33 /* MCAApplicationSummaryVC.swift */,
			);
			path = ApplicationSummary;
			sourceTree = "<group>";
		};
		BA2EA83D1E66BC7F00145D33 /* BankRecords */ = {
			isa = PBXGroup;
			children = (
				BA2EA83E1E66BC7F00145D33 /* MCASavedApplicationsBankRecordsTVCell.swift */,
				BA2EA83F1E66BC7F00145D33 /* MCASavedApplicationsBankRecordsTVCell.xib */,
				BABF75071E66CC930062FB81 /* MCASavedApplicationsBankRecordsVC.swift */,
				BABF75091E66D8DB0062FB81 /* MCASavedApplicationBankDetailsVC.swift */,
				BABF750B1E66DB2C0062FB81 /* MCASavedApplicationsBankDetailsTVCell.swift */,
				BABF750C1E66DB2C0062FB81 /* MCASavedApplicationsBankDetailsTVCell.xib */,
			);
			path = BankRecords;
			sourceTree = "<group>";
		};
		BA2EA8401E66BC7F00145D33 /* MerchantDocumentation */ = {
			isa = PBXGroup;
			children = (
				BA2EA8411E66BC7F00145D33 /* MCASavedApplicationMerchantDocumentationVC.swift */,
			);
			path = MerchantDocumentation;
			sourceTree = "<group>";
		};
		BA2EA8451E66BC7F00145D33 /* SavedApplicationDetail */ = {
			isa = PBXGroup;
			children = (
				BA2EA8461E66BC7F00145D33 /* MCASavedApplicationDetailVC.swift */,
			);
			path = SavedApplicationDetail;
			sourceTree = "<group>";
		};
		BA2EA8471E66BC7F00145D33 /* SavedApplicationList */ = {
			isa = PBXGroup;
			children = (
				BA2EA8481E66BC7F00145D33 /* MCASavedApplicationListVC.swift */,
				BA2EA8491E66BC7F00145D33 /* MCASavedApplicationsListTVCell.swift */,
				BA2EA84A1E66BC7F00145D33 /* MCASavedApplicationsListTVCell.xib */,
			);
			path = SavedApplicationList;
			sourceTree = "<group>";
		};
		BA30E2FF1E5DB4C3005829F4 /* Saved Applications */ = {
			isa = PBXGroup;
			children = (
				5B3626AF1E680A5B00FC19E9 /* MCALoans */,
				BABF75151E671F080062FB81 /* OwnerAndBusinessLocation */,
				BABF75121E671ECE0062FB81 /* LiensAndPayments */,
				BA2EA8391E66BC7F00145D33 /* ApplicationForm */,
				BA2EA83B1E66BC7F00145D33 /* ApplicationSummary */,
				BA2EA83D1E66BC7F00145D33 /* BankRecords */,
				BA2EA8401E66BC7F00145D33 /* MerchantDocumentation */,
				BA2EA8451E66BC7F00145D33 /* SavedApplicationDetail */,
				BA2EA8471E66BC7F00145D33 /* SavedApplicationList */,
			);
			path = "Saved Applications";
			sourceTree = "<group>";
		};
		BA34CD3C1E4C9E72001AF75F /* CustomComponents */ = {
			isa = PBXGroup;
			children = (
				BA34CD3D1E4C9E72001AF75F /* SecureInputView.swift */,
				BA8B686C1E5315C6004CEB69 /* MCAApplicationSummaryTVCell.xib */,
				BA8B686E1E531B66004CEB69 /* MCAApplicationSummaryTVCell.swift */,
				BA8B68701E532111004CEB69 /* MCAApplicationTVCell.xib */,
				BA8B68721E532390004CEB69 /* MCAApplicationTVCell.swift */,
				BA8B68811E5436F8004CEB69 /* MCAApplicationStatusTVCell.xib */,
				BA8B68831E543A7D004CEB69 /* MCAApplicationStatusTVCell.swift */,
				5B643D141E5F282300AE89B1 /* MCAApplicationFormTVCell.swift */,
				5B643D151E5F282300AE89B1 /* MCAApplicationFormTVCell.xib */,
				5B3626A41E66A97400FC19E9 /* MCALiensPaymentsTVCell.swift */,
				5B3626A51E66A97400FC19E9 /* MCALiensPaymentsTVCell.xib */,
				5B3626AA1E66CED700FC19E9 /* MCABankruptcyTVCell.swift */,
				5B3626AB1E66CED700FC19E9 /* MCABankruptcyTVCell.xib */,
			);
			path = CustomComponents;
			sourceTree = "<group>";
		};
		BA8B68851E545846004CEB69 /* Loans */ = {
			isa = PBXGroup;
			children = (
				BA8B68861E545871004CEB69 /* MCALoanDetailsVC.swift */,
			);
			path = Loans;
			sourceTree = "<group>";
		};
		BA8B688A1E546C71004CEB69 /* BusinessInformation */ = {
			isa = PBXGroup;
			children = (
				BA8B688B1E546C9C004CEB69 /* MCABusinessInformationVC.swift */,
			);
			path = BusinessInformation;
			sourceTree = "<group>";
		};
		BABF75121E671ECE0062FB81 /* LiensAndPayments */ = {
			isa = PBXGroup;
			children = (
				BABF75131E671ECE0062FB81 /* MCASALiensPaymentsVC.swift */,
			);
			path = LiensAndPayments;
			sourceTree = "<group>";
		};
		BABF75151E671F080062FB81 /* OwnerAndBusinessLocation */ = {
			isa = PBXGroup;
			children = (
				BABF75161E671F080062FB81 /* MCASAOwnerAndLocationDetailsTVCell.swift */,
				BABF75171E671F080062FB81 /* MCASAOwnerAndLocationDetailsTVCell.xib */,
				BABF75181E671F080062FB81 /* MCASAOwnerAndLocationDetailsVC.swift */,
				BABF751C1E671FA90062FB81 /* MCASABusinessLocationDetails.swift */,
			);
			path = OwnerAndBusinessLocation;
			sourceTree = "<group>";
		};
		BABF75201E6986820062FB81 /* MerchantApplications */ = {
			isa = PBXGroup;
			children = (
				BABF752D1E69A51C0062FB81 /* MerchantApplicationSummary */,
				BABF75221E6986F70062FB81 /* MerchantApplicationDetail */,
			);
			path = MerchantApplications;
			sourceTree = "<group>";
		};
		BABF75221E6986F70062FB81 /* MerchantApplicationDetail */ = {
			isa = PBXGroup;
			children = (
				BABF75291E698CEA0062FB81 /* MCAMerchantApplicationListVC.swift */,
			);
			path = MerchantApplicationDetail;
			sourceTree = "<group>";
		};
		BABF752D1E69A51C0062FB81 /* MerchantApplicationSummary */ = {
			isa = PBXGroup;
			children = (
				BABF752E1E69A5450062FB81 /* MCAMerchantApplicationSummaryVC.swift */,
			);
			path = MerchantApplicationSummary;
			sourceTree = "<group>";
		};
/* End PBXGroup section */

/* Begin PBXNativeTarget section */
		782C699E1E49ACC500268356 /* MCAProtect */ = {
			isa = PBXNativeTarget;
			buildConfigurationList = 782C69C71E49ACC500268356 /* Build configuration list for PBXNativeTarget "MCAProtect" */;
			buildPhases = (
				BB3904EE5214F4DE42957CA8 /* [CP] Check Pods Manifest.lock */,
				782C699B1E49ACC500268356 /* Sources */,
				782C699C1E49ACC500268356 /* Frameworks */,
				782C699D1E49ACC500268356 /* Resources */,
				DA0139A0532B828B7D50B56A /* [CP] Embed Pods Frameworks */,
				D2D2B7DAD053A8F5B67ADCC0 /* [CP] Copy Pods Resources */,
			);
			buildRules = (
			);
			dependencies = (
			);
			name = MCAProtect;
			productName = MCAProtect;
			productReference = 782C699F1E49ACC500268356 /* MCAProtect.app */;
			productType = "com.apple.product-type.application";
		};
		782C69B21E49ACC500268356 /* MCAProtectTests */ = {
			isa = PBXNativeTarget;
			buildConfigurationList = 782C69CA1E49ACC500268356 /* Build configuration list for PBXNativeTarget "MCAProtectTests" */;
			buildPhases = (
				B8D93CCAD694BB1969733AB5 /* [CP] Check Pods Manifest.lock */,
				782C69AF1E49ACC500268356 /* Sources */,
				782C69B01E49ACC500268356 /* Frameworks */,
				782C69B11E49ACC500268356 /* Resources */,
				11A21C51B7E272318F843E8F /* [CP] Embed Pods Frameworks */,
				CEC668880BED61B26071B038 /* [CP] Copy Pods Resources */,
			);
			buildRules = (
			);
			dependencies = (
				782C69B51E49ACC500268356 /* PBXTargetDependency */,
			);
			name = MCAProtectTests;
			productName = MCAProtectTests;
			productReference = 782C69B31E49ACC500268356 /* MCAProtectTests.xctest */;
			productType = "com.apple.product-type.bundle.unit-test";
		};
		782C69BD1E49ACC500268356 /* MCAProtectUITests */ = {
			isa = PBXNativeTarget;
			buildConfigurationList = 782C69CD1E49ACC500268356 /* Build configuration list for PBXNativeTarget "MCAProtectUITests" */;
			buildPhases = (
				22FA7DFE021DE8AFE36A0337 /* [CP] Check Pods Manifest.lock */,
				782C69BA1E49ACC500268356 /* Sources */,
				782C69BB1E49ACC500268356 /* Frameworks */,
				782C69BC1E49ACC500268356 /* Resources */,
				7E4E5FBB3DFC7258494CDB89 /* [CP] Embed Pods Frameworks */,
				A969760256AAB6ABFCEC6584 /* [CP] Copy Pods Resources */,
			);
			buildRules = (
			);
			dependencies = (
				782C69C01E49ACC500268356 /* PBXTargetDependency */,
			);
			name = MCAProtectUITests;
			productName = MCAProtectUITests;
			productReference = 782C69BE1E49ACC500268356 /* MCAProtectUITests.xctest */;
			productType = "com.apple.product-type.bundle.ui-testing";
		};
/* End PBXNativeTarget section */

/* Begin PBXProject section */
		782C69971E49ACC400268356 /* Project object */ = {
			isa = PBXProject;
			attributes = {
				LastSwiftUpdateCheck = 0820;
				LastUpgradeCheck = 0820;
				ORGANIZATIONNAME = Accionlabs;
				TargetAttributes = {
					782C699E1E49ACC500268356 = {
						CreatedOnToolsVersion = 8.2.1;
						DevelopmentTeam = 78RNVBBGXR;
						LastSwiftMigration = 0820;
						ProvisioningStyle = Manual;
					};
					782C69B21E49ACC500268356 = {
						CreatedOnToolsVersion = 8.2.1;
						ProvisioningStyle = Automatic;
						TestTargetID = 782C699E1E49ACC500268356;
					};
					782C69BD1E49ACC500268356 = {
						CreatedOnToolsVersion = 8.2.1;
						ProvisioningStyle = Automatic;
						TestTargetID = 782C699E1E49ACC500268356;
					};
				};
			};
			buildConfigurationList = 782C699A1E49ACC400268356 /* Build configuration list for PBXProject "MCAProtect" */;
			compatibilityVersion = "Xcode 3.2";
			developmentRegion = English;
			hasScannedForEncodings = 0;
			knownRegions = (
				en,
				Base,
			);
			mainGroup = 782C69961E49ACC400268356;
			productRefGroup = 782C69A01E49ACC500268356 /* Products */;
			projectDirPath = "";
			projectRoot = "";
			targets = (
				782C699E1E49ACC500268356 /* MCAProtect */,
				782C69B21E49ACC500268356 /* MCAProtectTests */,
				782C69BD1E49ACC500268356 /* MCAProtectUITests */,
			);
		};
/* End PBXProject section */

/* Begin PBXResourcesBuildPhase section */
		782C699D1E49ACC500268356 /* Resources */ = {
			isa = PBXResourcesBuildPhase;
			buildActionMask = 2147483647;
			files = (
				782C69FD1E49B26000268356 /* Localizable.strings in Resources */,
				5B8FC4A31E4C7E9600309CAB /* Apache License.txt in Resources */,
				5B8FC4AA1E4C7E9600309CAB /* Roboto-LightItalic.ttf in Resources */,
				BA8B68891E5458B2004CEB69 /* Common.storyboard in Resources */,
				5B8FC4AF1E4C7E9600309CAB /* Roboto-ThinItalic.ttf in Resources */,
				5B8FC4AB1E4C7E9600309CAB /* Roboto-Medium.ttf in Resources */,
				5B8FC4A91E4C7E9600309CAB /* Roboto-Light.ttf in Resources */,
				5B8FC4A61E4C7E9600309CAB /* Roboto-Bold.ttf in Resources */,
				BA2EA8551E66BC7F00145D33 /* MCASavedApplicationsListTVCell.xib in Resources */,
				782C69AD1E49ACC500268356 /* LaunchScreen.storyboard in Resources */,
				7871E3481E55AF0A0019B707 /* MCAPerformanceComparisonCell.xib in Resources */,
				5B4741C31E534412001D9435 /* MCARightMenuVC.xib in Resources */,
				5B3626A71E66A97400FC19E9 /* MCALiensPaymentsTVCell.xib in Resources */,
				5B8FC4A71E4C7E9600309CAB /* Roboto-BoldItalic.ttf in Resources */,
				5B8FC4AE1E4C7E9600309CAB /* Roboto-Thin.ttf in Resources */,
				BA34CD391E4C7E3A001AF75F /* mPin.storyboard in Resources */,
				5B8FC4931E4B017500309CAB /* WebView.storyboard in Resources */,
				BABF750E1E66DB2C0062FB81 /* MCASavedApplicationsBankDetailsTVCell.xib in Resources */,
				5B643D0D1E5B065500AE89B1 /* FundingProgram.storyboard in Resources */,
				7871E3441E548FC60019B707 /* MCADelasPipelineCell.xib in Resources */,
				782C69AA1E49ACC500268356 /* Assets.xcassets in Resources */,
				5B8FC48E1E49F20A00309CAB /* Registration.storyboard in Resources */,
				5B8FC4A51E4C7E9600309CAB /* Roboto-BlackItalic.ttf in Resources */,
				5B4741C11E53411A001D9435 /* MCALeftMenuVC.xib in Resources */,
				5B3626AD1E66CED700FC19E9 /* MCABankruptcyTVCell.xib in Resources */,
				BA5B6DBB1E656380003ED6BF /* SavedApplication.storyboard in Resources */,
				5B313E081E49BA07004CE58A /* Login.storyboard in Resources */,
				5B8FC4A41E4C7E9600309CAB /* Roboto-Black.ttf in Resources */,
				5B8FC4A81E4C7E9600309CAB /* Roboto-Italic.ttf in Resources */,
				5B3626B51E681CE000FC19E9 /* MCASALoansTVCell.xib in Resources */,
				5B8FC4AD1E4C7E9600309CAB /* Roboto-Regular.ttf in Resources */,
				5B8FC48C1E49CDCF00309CAB /* ForgotPassword.storyboard in Resources */,
				BA8B686D1E5315C6004CEB69 /* MCAApplicationSummaryTVCell.xib in Resources */,
				5B643D171E5F282300AE89B1 /* MCAApplicationFormTVCell.xib in Resources */,
				BABF751A1E671F080062FB81 /* MCASAOwnerAndLocationDetailsTVCell.xib in Resources */,
				BA2EA84E1E66BC7F00145D33 /* MCASavedApplicationsBankRecordsTVCell.xib in Resources */,
				BA8B68821E5436F8004CEB69 /* MCAApplicationStatusTVCell.xib in Resources */,
				5B8FC4AC1E4C7E9600309CAB /* Roboto-MediumItalic.ttf in Resources */,
				BABF752C1E6991300062FB81 /* MerchantApplication.storyboard in Resources */,
				782C69E11E49AE5700268356 /* DashBoard.storyboard in Resources */,
				5B4741C71E5488B5001D9435 /* MCATableViewCell.xib in Resources */,
				5B4741C91E56D58B001D9435 /* ProfileDetail.storyboard in Resources */,
				BA8B68711E532111004CEB69 /* MCAApplicationTVCell.xib in Resources */,
			);
			runOnlyForDeploymentPostprocessing = 0;
		};
		782C69B11E49ACC500268356 /* Resources */ = {
			isa = PBXResourcesBuildPhase;
			buildActionMask = 2147483647;
			files = (
				782C69E21E49AE5700268356 /* DashBoard.storyboard in Resources */,
			);
			runOnlyForDeploymentPostprocessing = 0;
		};
		782C69BC1E49ACC500268356 /* Resources */ = {
			isa = PBXResourcesBuildPhase;
			buildActionMask = 2147483647;
			files = (
				782C69E31E49AE5700268356 /* DashBoard.storyboard in Resources */,
			);
			runOnlyForDeploymentPostprocessing = 0;
		};
/* End PBXResourcesBuildPhase section */

/* Begin PBXShellScriptBuildPhase section */
		11A21C51B7E272318F843E8F /* [CP] Embed Pods Frameworks */ = {
			isa = PBXShellScriptBuildPhase;
			buildActionMask = 2147483647;
			files = (
			);
			inputPaths = (
			);
			name = "[CP] Embed Pods Frameworks";
			outputPaths = (
			);
			runOnlyForDeploymentPostprocessing = 0;
			shellPath = /bin/sh;
			shellScript = "\"${SRCROOT}/Pods/Target Support Files/Pods-MCAProtectTests/Pods-MCAProtectTests-frameworks.sh\"\n";
			showEnvVarsInLog = 0;
		};
		22FA7DFE021DE8AFE36A0337 /* [CP] Check Pods Manifest.lock */ = {
			isa = PBXShellScriptBuildPhase;
			buildActionMask = 2147483647;
			files = (
			);
			inputPaths = (
			);
			name = "[CP] Check Pods Manifest.lock";
			outputPaths = (
			);
			runOnlyForDeploymentPostprocessing = 0;
			shellPath = /bin/sh;
			shellScript = "diff \"${PODS_ROOT}/../Podfile.lock\" \"${PODS_ROOT}/Manifest.lock\" > /dev/null\nif [[ $? != 0 ]] ; then\n    cat << EOM\nerror: The sandbox is not in sync with the Podfile.lock. Run 'pod install' or update your CocoaPods installation.\nEOM\n    exit 1\nfi\n";
			showEnvVarsInLog = 0;
		};
		7E4E5FBB3DFC7258494CDB89 /* [CP] Embed Pods Frameworks */ = {
			isa = PBXShellScriptBuildPhase;
			buildActionMask = 2147483647;
			files = (
			);
			inputPaths = (
			);
			name = "[CP] Embed Pods Frameworks";
			outputPaths = (
			);
			runOnlyForDeploymentPostprocessing = 0;
			shellPath = /bin/sh;
			shellScript = "\"${SRCROOT}/Pods/Target Support Files/Pods-MCAProtectUITests/Pods-MCAProtectUITests-frameworks.sh\"\n";
			showEnvVarsInLog = 0;
		};
		A969760256AAB6ABFCEC6584 /* [CP] Copy Pods Resources */ = {
			isa = PBXShellScriptBuildPhase;
			buildActionMask = 2147483647;
			files = (
			);
			inputPaths = (
			);
			name = "[CP] Copy Pods Resources";
			outputPaths = (
			);
			runOnlyForDeploymentPostprocessing = 0;
			shellPath = /bin/sh;
			shellScript = "\"${SRCROOT}/Pods/Target Support Files/Pods-MCAProtectUITests/Pods-MCAProtectUITests-resources.sh\"\n";
			showEnvVarsInLog = 0;
		};
		B8D93CCAD694BB1969733AB5 /* [CP] Check Pods Manifest.lock */ = {
			isa = PBXShellScriptBuildPhase;
			buildActionMask = 2147483647;
			files = (
			);
			inputPaths = (
			);
			name = "[CP] Check Pods Manifest.lock";
			outputPaths = (
			);
			runOnlyForDeploymentPostprocessing = 0;
			shellPath = /bin/sh;
			shellScript = "diff \"${PODS_ROOT}/../Podfile.lock\" \"${PODS_ROOT}/Manifest.lock\" > /dev/null\nif [[ $? != 0 ]] ; then\n    cat << EOM\nerror: The sandbox is not in sync with the Podfile.lock. Run 'pod install' or update your CocoaPods installation.\nEOM\n    exit 1\nfi\n";
			showEnvVarsInLog = 0;
		};
		BB3904EE5214F4DE42957CA8 /* [CP] Check Pods Manifest.lock */ = {
			isa = PBXShellScriptBuildPhase;
			buildActionMask = 2147483647;
			files = (
			);
			inputPaths = (
			);
			name = "[CP] Check Pods Manifest.lock";
			outputPaths = (
			);
			runOnlyForDeploymentPostprocessing = 0;
			shellPath = /bin/sh;
			shellScript = "diff \"${PODS_ROOT}/../Podfile.lock\" \"${PODS_ROOT}/Manifest.lock\" > /dev/null\nif [[ $? != 0 ]] ; then\n    cat << EOM\nerror: The sandbox is not in sync with the Podfile.lock. Run 'pod install' or update your CocoaPods installation.\nEOM\n    exit 1\nfi\n";
			showEnvVarsInLog = 0;
		};
		CEC668880BED61B26071B038 /* [CP] Copy Pods Resources */ = {
			isa = PBXShellScriptBuildPhase;
			buildActionMask = 2147483647;
			files = (
			);
			inputPaths = (
			);
			name = "[CP] Copy Pods Resources";
			outputPaths = (
			);
			runOnlyForDeploymentPostprocessing = 0;
			shellPath = /bin/sh;
			shellScript = "\"${SRCROOT}/Pods/Target Support Files/Pods-MCAProtectTests/Pods-MCAProtectTests-resources.sh\"\n";
			showEnvVarsInLog = 0;
		};
		D2D2B7DAD053A8F5B67ADCC0 /* [CP] Copy Pods Resources */ = {
			isa = PBXShellScriptBuildPhase;
			buildActionMask = 2147483647;
			files = (
			);
			inputPaths = (
			);
			name = "[CP] Copy Pods Resources";
			outputPaths = (
			);
			runOnlyForDeploymentPostprocessing = 0;
			shellPath = /bin/sh;
			shellScript = "\"${SRCROOT}/Pods/Target Support Files/Pods-MCAProtect/Pods-MCAProtect-resources.sh\"\n";
			showEnvVarsInLog = 0;
		};
		DA0139A0532B828B7D50B56A /* [CP] Embed Pods Frameworks */ = {
			isa = PBXShellScriptBuildPhase;
			buildActionMask = 2147483647;
			files = (
			);
			inputPaths = (
			);
			name = "[CP] Embed Pods Frameworks";
			outputPaths = (
			);
			runOnlyForDeploymentPostprocessing = 0;
			shellPath = /bin/sh;
			shellScript = "\"${SRCROOT}/Pods/Target Support Files/Pods-MCAProtect/Pods-MCAProtect-frameworks.sh\"\n";
			showEnvVarsInLog = 0;
		};
/* End PBXShellScriptBuildPhase section */

/* Begin PBXSourcesBuildPhase section */
		782C699B1E49ACC500268356 /* Sources */ = {
			isa = PBXSourcesBuildPhase;
			buildActionMask = 2147483647;
			files = (
				BABF752A1E698CEA0062FB81 /* MCAMerchantApplicationListVC.swift in Sources */,
				BA88AC9E1E4D791C003E3B2F /* MCASetMPinVC.swift in Sources */,
				5B3626AC1E66CED700FC19E9 /* MCABankruptcyTVCell.swift in Sources */,
				BA8B68BD1E5C72B7004CEB69 /* String+Extensions.swift in Sources */,
				5B3626B41E681CE000FC19E9 /* MCASALoansTVCell.swift in Sources */,
				BABF750A1E66D8DB0062FB81 /* MCASavedApplicationBankDetailsVC.swift in Sources */,
				BABF75191E671F080062FB81 /* MCASAOwnerAndLocationDetailsTVCell.swift in Sources */,
				5B643D131E5B2B4200AE89B1 /* MCAFPApplicationDetailVC.swift in Sources */,
				BA2EA8531E66BC7F00145D33 /* MCASavedApplicationListVC.swift in Sources */,
				BABF75081E66CC930062FB81 /* MCASavedApplicationsBankRecordsVC.swift in Sources */,
				7871E3431E548FC60019B707 /* MCADelasPipelineCell.swift in Sources */,
				782C6A011E49B8D200268356 /* MCADealsFundedVC.swift in Sources */,
				5B3626B11E680AB300FC19E9 /* MCASALoansViewController.swift in Sources */,
				BABF751B1E671F080062FB81 /* MCASAOwnerAndLocationDetailsVC.swift in Sources */,
				BA2EA8541E66BC7F00145D33 /* MCASavedApplicationsListTVCell.swift in Sources */,
				7871E3341E5312310019B707 /* MCANavigationController.swift in Sources */,
				BA2EA84C1E66BC7F00145D33 /* MCAApplicationSummaryVC.swift in Sources */,
				BA8B688C1E546C9C004CEB69 /* MCABusinessInformationVC.swift in Sources */,
				5B643D161E5F282300AE89B1 /* MCAApplicationFormTVCell.swift in Sources */,
				BA8B68BB1E5C709F004CEB69 /* UIViewController+Extensions.swift in Sources */,
				782C6A031E49B8F500268356 /* MCADealsPipelineVC.swift in Sources */,
				782C6A091E49BE1D00268356 /* MCAForgotPasswordVC.swift in Sources */,
				7871E3471E55AF0A0019B707 /* MCAPerformanceComparisonCell.swift in Sources */,
				BABF752F1E69A5450062FB81 /* MCAMerchantApplicationSummaryVC.swift in Sources */,
				782BF0D61E5187EF00B79009 /* MCAPerformanceComparisonVS.swift in Sources */,
				BABF750D1E66DB2C0062FB81 /* MCASavedApplicationsBankDetailsTVCell.swift in Sources */,
				BA8B68871E545871004CEB69 /* MCALoanDetailsVC.swift in Sources */,
				BA88ACA01E4EE7D6003E3B2F /* MCAChangeMPinVC.swift in Sources */,
				BA2EA84B1E66BC7F00145D33 /* MCAApplicationFormVC.swift in Sources */,
				BABF751D1E671FA90062FB81 /* MCASABusinessLocationDetails.swift in Sources */,
				782C6A0B1E49BE2F00268356 /* MCALoginViewController.swift in Sources */,
				782C69ED1E49AEC100268356 /* MCAConstants.swift in Sources */,
				BA8B686F1E531B66004CEB69 /* MCAApplicationSummaryTVCell.swift in Sources */,
				782C69D91E49ADE300268356 /* AppDelegate.swift in Sources */,
				BA2EA84D1E66BC7F00145D33 /* MCASavedApplicationsBankRecordsTVCell.swift in Sources */,
				BABF751F1E68616E0062FB81 /* MCASALoanDetailVC.swift in Sources */,
				782C69FA1E49B20000268356 /* MCAUtilities.swift in Sources */,
				BA8B68731E532390004CEB69 /* MCAApplicationTVCell.swift in Sources */,
				5B8FC4911E4B011500309CAB /* MCAWebViewController.swift in Sources */,
				BABF75141E671ECE0062FB81 /* MCASALiensPaymentsVC.swift in Sources */,
				5B4741B81E533397001D9435 /* MCALeftMenuVC.swift in Sources */,
				5B4741B91E533397001D9435 /* MCARightMenuVC.swift in Sources */,
				782C69FF1E49B85000268356 /* MCADashboardTabbarVC.swift in Sources */,
				782C6A0F1E49BE5A00268356 /* MCANewMPinVC.swift in Sources */,
				BA2EA84F1E66BC7F00145D33 /* MCASavedApplicationMerchantDocumentationVC.swift in Sources */,
				5B3626A61E66A97400FC19E9 /* MCALiensPaymentsTVCell.swift in Sources */,
				BA34CD3E1E4C9E72001AF75F /* SecureInputView.swift in Sources */,
				782C69E91E49AE9200268356 /* MCABaseViewController.swift in Sources */,
				BA8B68BF1E5C73E0004CEB69 /* UIApplication+Extensions.swift in Sources */,
				BA2EA8521E66BC7F00145D33 /* MCASavedApplicationDetailVC.swift in Sources */,
				5B643D111E5B25AF00AE89B1 /* MCAFPApplicationFormVC.swift in Sources */,
				782C6A0D1E49BE4200268356 /* MCARegistrationVC.swift in Sources */,
				5B4741CC1E570D2A001D9435 /* MCAProfileViewController.swift in Sources */,
				5B643D191E64027B00AE89B1 /* MCAFPBusinessTypeVC.swift in Sources */,
				5B4741C61E5488B5001D9435 /* MCATableViewCell.swift in Sources */,
				5B643D0F1E5B1E2C00AE89B1 /* MCAFundingProgramSummaryVC.swift in Sources */,
				BA88ACA21E50285B003E3B2F /* MCAResetMPINVC.swift in Sources */,
				BA34CD3B1E4C9321001AF75F /* MCAEnterMPinVC.swift in Sources */,
				BA8B68841E543A7D004CEB69 /* MCAApplicationStatusTVCell.swift in Sources */,
				5B643D0B1E5B05D800AE89B1 /* MCAFundingProgramListViewController.swift in Sources */,
			);
			runOnlyForDeploymentPostprocessing = 0;
		};
		782C69AF1E49ACC500268356 /* Sources */ = {
			isa = PBXSourcesBuildPhase;
			buildActionMask = 2147483647;
			files = (
				782C69DA1E49ADE300268356 /* AppDelegate.swift in Sources */,
				782C69B81E49ACC500268356 /* MCAProtectTests.swift in Sources */,
				782C69EA1E49AE9200268356 /* MCABaseViewController.swift in Sources */,
				782C69EE1E49AEC100268356 /* MCAConstants.swift in Sources */,
			);
			runOnlyForDeploymentPostprocessing = 0;
		};
		782C69BA1E49ACC500268356 /* Sources */ = {
			isa = PBXSourcesBuildPhase;
			buildActionMask = 2147483647;
			files = (
				782C69DB1E49ADE300268356 /* AppDelegate.swift in Sources */,
				782C69C31E49ACC500268356 /* MCAProtectUITests.swift in Sources */,
				782C69EB1E49AE9200268356 /* MCABaseViewController.swift in Sources */,
				782C69EF1E49AEC100268356 /* MCAConstants.swift in Sources */,
			);
			runOnlyForDeploymentPostprocessing = 0;
		};
/* End PBXSourcesBuildPhase section */

/* Begin PBXTargetDependency section */
		782C69B51E49ACC500268356 /* PBXTargetDependency */ = {
			isa = PBXTargetDependency;
			target = 782C699E1E49ACC500268356 /* MCAProtect */;
			targetProxy = 782C69B41E49ACC500268356 /* PBXContainerItemProxy */;
		};
		782C69C01E49ACC500268356 /* PBXTargetDependency */ = {
			isa = PBXTargetDependency;
			target = 782C699E1E49ACC500268356 /* MCAProtect */;
			targetProxy = 782C69BF1E49ACC500268356 /* PBXContainerItemProxy */;
		};
/* End PBXTargetDependency section */

/* Begin PBXVariantGroup section */
		782C69AB1E49ACC500268356 /* LaunchScreen.storyboard */ = {
			isa = PBXVariantGroup;
			children = (
				782C69AC1E49ACC500268356 /* Base */,
			);
			name = LaunchScreen.storyboard;
			path = ..;
			sourceTree = "<group>";
		};
/* End PBXVariantGroup section */

/* Begin XCBuildConfiguration section */
		782C69C51E49ACC500268356 /* Debug */ = {
			isa = XCBuildConfiguration;
			buildSettings = {
				ALWAYS_SEARCH_USER_PATHS = NO;
				CLANG_ANALYZER_NONNULL = YES;
				CLANG_CXX_LANGUAGE_STANDARD = "gnu++0x";
				CLANG_CXX_LIBRARY = "libc++";
				CLANG_ENABLE_MODULES = YES;
				CLANG_ENABLE_OBJC_ARC = YES;
				CLANG_WARN_BOOL_CONVERSION = YES;
				CLANG_WARN_CONSTANT_CONVERSION = YES;
				CLANG_WARN_DIRECT_OBJC_ISA_USAGE = YES_ERROR;
				CLANG_WARN_DOCUMENTATION_COMMENTS = YES;
				CLANG_WARN_EMPTY_BODY = YES;
				CLANG_WARN_ENUM_CONVERSION = YES;
				CLANG_WARN_INFINITE_RECURSION = YES;
				CLANG_WARN_INT_CONVERSION = YES;
				CLANG_WARN_OBJC_ROOT_CLASS = YES_ERROR;
				CLANG_WARN_SUSPICIOUS_MOVE = YES;
				CLANG_WARN_UNREACHABLE_CODE = YES;
				CLANG_WARN__DUPLICATE_METHOD_MATCH = YES;
				"CODE_SIGN_IDENTITY[sdk=iphoneos*]" = "iPhone Developer";
				COPY_PHASE_STRIP = NO;
				DEBUG_INFORMATION_FORMAT = dwarf;
				ENABLE_STRICT_OBJC_MSGSEND = YES;
				ENABLE_TESTABILITY = YES;
				GCC_C_LANGUAGE_STANDARD = gnu99;
				GCC_DYNAMIC_NO_PIC = NO;
				GCC_NO_COMMON_BLOCKS = YES;
				GCC_OPTIMIZATION_LEVEL = 0;
				GCC_PREPROCESSOR_DEFINITIONS = (
					"DEBUG=1",
					"$(inherited)",
				);
				GCC_WARN_64_TO_32_BIT_CONVERSION = YES;
				GCC_WARN_ABOUT_RETURN_TYPE = YES_ERROR;
				GCC_WARN_UNDECLARED_SELECTOR = YES;
				GCC_WARN_UNINITIALIZED_AUTOS = YES_AGGRESSIVE;
				GCC_WARN_UNUSED_FUNCTION = YES;
				GCC_WARN_UNUSED_VARIABLE = YES;
				IPHONEOS_DEPLOYMENT_TARGET = 10.2;
				MTL_ENABLE_DEBUG_INFO = YES;
				ONLY_ACTIVE_ARCH = YES;
				SDKROOT = iphoneos;
				SWIFT_ACTIVE_COMPILATION_CONDITIONS = DEBUG;
				SWIFT_OPTIMIZATION_LEVEL = "-Onone";
				TARGETED_DEVICE_FAMILY = "1,2";
			};
			name = Debug;
		};
		782C69C61E49ACC500268356 /* Release */ = {
			isa = XCBuildConfiguration;
			buildSettings = {
				ALWAYS_SEARCH_USER_PATHS = NO;
				CLANG_ANALYZER_NONNULL = YES;
				CLANG_CXX_LANGUAGE_STANDARD = "gnu++0x";
				CLANG_CXX_LIBRARY = "libc++";
				CLANG_ENABLE_MODULES = YES;
				CLANG_ENABLE_OBJC_ARC = YES;
				CLANG_WARN_BOOL_CONVERSION = YES;
				CLANG_WARN_CONSTANT_CONVERSION = YES;
				CLANG_WARN_DIRECT_OBJC_ISA_USAGE = YES_ERROR;
				CLANG_WARN_DOCUMENTATION_COMMENTS = YES;
				CLANG_WARN_EMPTY_BODY = YES;
				CLANG_WARN_ENUM_CONVERSION = YES;
				CLANG_WARN_INFINITE_RECURSION = YES;
				CLANG_WARN_INT_CONVERSION = YES;
				CLANG_WARN_OBJC_ROOT_CLASS = YES_ERROR;
				CLANG_WARN_SUSPICIOUS_MOVE = YES;
				CLANG_WARN_UNREACHABLE_CODE = YES;
				CLANG_WARN__DUPLICATE_METHOD_MATCH = YES;
				"CODE_SIGN_IDENTITY[sdk=iphoneos*]" = "iPhone Developer";
				COPY_PHASE_STRIP = NO;
				DEBUG_INFORMATION_FORMAT = "dwarf-with-dsym";
				ENABLE_NS_ASSERTIONS = NO;
				ENABLE_STRICT_OBJC_MSGSEND = YES;
				GCC_C_LANGUAGE_STANDARD = gnu99;
				GCC_NO_COMMON_BLOCKS = YES;
				GCC_WARN_64_TO_32_BIT_CONVERSION = YES;
				GCC_WARN_ABOUT_RETURN_TYPE = YES_ERROR;
				GCC_WARN_UNDECLARED_SELECTOR = YES;
				GCC_WARN_UNINITIALIZED_AUTOS = YES_AGGRESSIVE;
				GCC_WARN_UNUSED_FUNCTION = YES;
				GCC_WARN_UNUSED_VARIABLE = YES;
				IPHONEOS_DEPLOYMENT_TARGET = 10.2;
				MTL_ENABLE_DEBUG_INFO = NO;
				SDKROOT = iphoneos;
				SWIFT_OPTIMIZATION_LEVEL = "-Owholemodule";
				TARGETED_DEVICE_FAMILY = "1,2";
				VALIDATE_PRODUCT = YES;
			};
			name = Release;
		};
		782C69C81E49ACC500268356 /* Debug */ = {
			isa = XCBuildConfiguration;
			baseConfigurationReference = 5E47A37941517267D683EADE /* Pods-MCAProtect.debug.xcconfig */;
			buildSettings = {
				ASSETCATALOG_COMPILER_APPICON_NAME = AppIcon;
				CLANG_ENABLE_MODULES = YES;
				CODE_SIGN_IDENTITY = "iPhone Developer: Relton Alexander (KK3SRAHRSL)";
				"CODE_SIGN_IDENTITY[sdk=iphoneos*]" = "iPhone Developer";
				DEVELOPMENT_TEAM = 78RNVBBGXR;
				INFOPLIST_FILE = MCAProtect/Info.plist;
				IPHONEOS_DEPLOYMENT_TARGET = 8.0;
				LD_RUNPATH_SEARCH_PATHS = "$(inherited) @executable_path/Frameworks";
				PRODUCT_BUNDLE_IDENTIFIER = com.mcap.MCAProtect;
				PRODUCT_NAME = "$(TARGET_NAME)";
				PROVISIONING_PROFILE = "c2c308d5-f762-4218-8a59-8566de698c6f";
				PROVISIONING_PROFILE_SPECIFIER = MCAProtect_Dev;
				SWIFT_OBJC_BRIDGING_HEADER = "MCAProtect/Application Delegate/MCAProtect-Bridging-Header.h";
				SWIFT_OPTIMIZATION_LEVEL = "-Onone";
				SWIFT_VERSION = 3.0;
			};
			name = Debug;
		};
		782C69C91E49ACC500268356 /* Release */ = {
			isa = XCBuildConfiguration;
			baseConfigurationReference = CF63E6088842F5D2B3565710 /* Pods-MCAProtect.release.xcconfig */;
			buildSettings = {
				ASSETCATALOG_COMPILER_APPICON_NAME = AppIcon;
				CLANG_ENABLE_MODULES = YES;
				CODE_SIGN_IDENTITY = "iPhone Developer: Relton Alexander (KK3SRAHRSL)";
				"CODE_SIGN_IDENTITY[sdk=iphoneos*]" = "iPhone Developer";
				DEVELOPMENT_TEAM = 78RNVBBGXR;
				INFOPLIST_FILE = MCAProtect/Info.plist;
				IPHONEOS_DEPLOYMENT_TARGET = 8.0;
				LD_RUNPATH_SEARCH_PATHS = "$(inherited) @executable_path/Frameworks";
				PRODUCT_BUNDLE_IDENTIFIER = com.mcap.MCAProtect;
				PRODUCT_NAME = "$(TARGET_NAME)";
				PROVISIONING_PROFILE = "c2c308d5-f762-4218-8a59-8566de698c6f";
				PROVISIONING_PROFILE_SPECIFIER = MCAProtect_Dev;
				SWIFT_OBJC_BRIDGING_HEADER = "MCAProtect/Application Delegate/MCAProtect-Bridging-Header.h";
				SWIFT_VERSION = 3.0;
			};
			name = Release;
		};
		782C69CB1E49ACC500268356 /* Debug */ = {
			isa = XCBuildConfiguration;
			baseConfigurationReference = 5E94C53AFF06DF89429C38BA /* Pods-MCAProtectTests.debug.xcconfig */;
			buildSettings = {
				ALWAYS_EMBED_SWIFT_STANDARD_LIBRARIES = YES;
				BUNDLE_LOADER = "$(TEST_HOST)";
				INFOPLIST_FILE = MCAProtectTests/Info.plist;
				LD_RUNPATH_SEARCH_PATHS = "$(inherited) @executable_path/Frameworks @loader_path/Frameworks";
				PRODUCT_BUNDLE_IDENTIFIER = com.Accionlabs.MCAProtectTests;
				PRODUCT_NAME = "$(TARGET_NAME)";
				SWIFT_VERSION = 3.0;
				TEST_HOST = "$(BUILT_PRODUCTS_DIR)/MCAProtect.app/MCAProtect";
			};
			name = Debug;
		};
		782C69CC1E49ACC500268356 /* Release */ = {
			isa = XCBuildConfiguration;
			baseConfigurationReference = 2CD461690C404A50EA48979D /* Pods-MCAProtectTests.release.xcconfig */;
			buildSettings = {
				ALWAYS_EMBED_SWIFT_STANDARD_LIBRARIES = YES;
				BUNDLE_LOADER = "$(TEST_HOST)";
				INFOPLIST_FILE = MCAProtectTests/Info.plist;
				LD_RUNPATH_SEARCH_PATHS = "$(inherited) @executable_path/Frameworks @loader_path/Frameworks";
				PRODUCT_BUNDLE_IDENTIFIER = com.Accionlabs.MCAProtectTests;
				PRODUCT_NAME = "$(TARGET_NAME)";
				SWIFT_VERSION = 3.0;
				TEST_HOST = "$(BUILT_PRODUCTS_DIR)/MCAProtect.app/MCAProtect";
			};
			name = Release;
		};
		782C69CE1E49ACC500268356 /* Debug */ = {
			isa = XCBuildConfiguration;
			baseConfigurationReference = CD874CB50199F4CBAB462DB8 /* Pods-MCAProtectUITests.debug.xcconfig */;
			buildSettings = {
				ALWAYS_EMBED_SWIFT_STANDARD_LIBRARIES = YES;
				INFOPLIST_FILE = MCAProtectUITests/Info.plist;
				LD_RUNPATH_SEARCH_PATHS = "$(inherited) @executable_path/Frameworks @loader_path/Frameworks";
				PRODUCT_BUNDLE_IDENTIFIER = com.Accionlabs.MCAProtectUITests;
				PRODUCT_NAME = "$(TARGET_NAME)";
				SWIFT_VERSION = 3.0;
				TEST_TARGET_NAME = MCAProtect;
			};
			name = Debug;
		};
		782C69CF1E49ACC500268356 /* Release */ = {
			isa = XCBuildConfiguration;
			baseConfigurationReference = 84A7B9792B818B5B33B81216 /* Pods-MCAProtectUITests.release.xcconfig */;
			buildSettings = {
				ALWAYS_EMBED_SWIFT_STANDARD_LIBRARIES = YES;
				INFOPLIST_FILE = MCAProtectUITests/Info.plist;
				LD_RUNPATH_SEARCH_PATHS = "$(inherited) @executable_path/Frameworks @loader_path/Frameworks";
				PRODUCT_BUNDLE_IDENTIFIER = com.Accionlabs.MCAProtectUITests;
				PRODUCT_NAME = "$(TARGET_NAME)";
				SWIFT_VERSION = 3.0;
				TEST_TARGET_NAME = MCAProtect;
			};
			name = Release;
		};
/* End XCBuildConfiguration section */

/* Begin XCConfigurationList section */
		782C699A1E49ACC400268356 /* Build configuration list for PBXProject "MCAProtect" */ = {
			isa = XCConfigurationList;
			buildConfigurations = (
				782C69C51E49ACC500268356 /* Debug */,
				782C69C61E49ACC500268356 /* Release */,
			);
			defaultConfigurationIsVisible = 0;
			defaultConfigurationName = Release;
		};
		782C69C71E49ACC500268356 /* Build configuration list for PBXNativeTarget "MCAProtect" */ = {
			isa = XCConfigurationList;
			buildConfigurations = (
				782C69C81E49ACC500268356 /* Debug */,
				782C69C91E49ACC500268356 /* Release */,
			);
			defaultConfigurationIsVisible = 0;
			defaultConfigurationName = Release;
		};
		782C69CA1E49ACC500268356 /* Build configuration list for PBXNativeTarget "MCAProtectTests" */ = {
			isa = XCConfigurationList;
			buildConfigurations = (
				782C69CB1E49ACC500268356 /* Debug */,
				782C69CC1E49ACC500268356 /* Release */,
			);
			defaultConfigurationIsVisible = 0;
			defaultConfigurationName = Release;
		};
		782C69CD1E49ACC500268356 /* Build configuration list for PBXNativeTarget "MCAProtectUITests" */ = {
			isa = XCConfigurationList;
			buildConfigurations = (
				782C69CE1E49ACC500268356 /* Debug */,
				782C69CF1E49ACC500268356 /* Release */,
			);
			defaultConfigurationIsVisible = 0;
			defaultConfigurationName = Release;
		};
/* End XCConfigurationList section */
	};
	rootObject = 782C69971E49ACC400268356 /* Project object */;
}
